// !$*UTF8*$!
{
	archiveVersion = 1;
	classes = {
	};
	objectVersion = 46;
	objects = {

/* Begin PBXBuildFile section */
		BA132CB11F034429002BD39B /* XMSettingViewController.m in Sources */ = {isa = PBXBuildFile; fileRef = BA132CB01F034429002BD39B /* XMSettingViewController.m */; };
		BA132CB41F034435002BD39B /* XMLoveViewController.m in Sources */ = {isa = PBXBuildFile; fileRef = BA132CB31F034435002BD39B /* XMLoveViewController.m */; };
		BA132CE71F034D50002BD39B /* LICENSE in Resources */ = {isa = PBXBuildFile; fileRef = BA132CB61F034D50002BD39B /* LICENSE */; };
		BA132CE81F034D50002BD39B /* MJRefreshAutoFooter.m in Sources */ = {isa = PBXBuildFile; fileRef = BA132CBA1F034D50002BD39B /* MJRefreshAutoFooter.m */; };
		BA132CE91F034D50002BD39B /* MJRefreshBackFooter.m in Sources */ = {isa = PBXBuildFile; fileRef = BA132CBC1F034D50002BD39B /* MJRefreshBackFooter.m */; };
		BA132CEA1F034D50002BD39B /* MJRefreshComponent.m in Sources */ = {isa = PBXBuildFile; fileRef = BA132CBE1F034D50002BD39B /* MJRefreshComponent.m */; };
		BA132CEB1F034D50002BD39B /* MJRefreshFooter.m in Sources */ = {isa = PBXBuildFile; fileRef = BA132CC01F034D50002BD39B /* MJRefreshFooter.m */; };
		BA132CEC1F034D50002BD39B /* MJRefreshHeader.m in Sources */ = {isa = PBXBuildFile; fileRef = BA132CC21F034D50002BD39B /* MJRefreshHeader.m */; };
		BA132CED1F034D50002BD39B /* MJRefreshAutoGifFooter.m in Sources */ = {isa = PBXBuildFile; fileRef = BA132CC71F034D50002BD39B /* MJRefreshAutoGifFooter.m */; };
		BA132CEE1F034D50002BD39B /* MJRefreshAutoNormalFooter.m in Sources */ = {isa = PBXBuildFile; fileRef = BA132CC91F034D50002BD39B /* MJRefreshAutoNormalFooter.m */; };
		BA132CEF1F034D50002BD39B /* MJRefreshAutoStateFooter.m in Sources */ = {isa = PBXBuildFile; fileRef = BA132CCB1F034D50002BD39B /* MJRefreshAutoStateFooter.m */; };
		BA132CF01F034D50002BD39B /* MJRefreshBackGifFooter.m in Sources */ = {isa = PBXBuildFile; fileRef = BA132CCE1F034D50002BD39B /* MJRefreshBackGifFooter.m */; };
		BA132CF11F034D50002BD39B /* MJRefreshBackNormalFooter.m in Sources */ = {isa = PBXBuildFile; fileRef = BA132CD01F034D50002BD39B /* MJRefreshBackNormalFooter.m */; };
		BA132CF21F034D50002BD39B /* MJRefreshBackStateFooter.m in Sources */ = {isa = PBXBuildFile; fileRef = BA132CD21F034D50002BD39B /* MJRefreshBackStateFooter.m */; };
		BA132CF31F034D50002BD39B /* MJRefreshGifHeader.m in Sources */ = {isa = PBXBuildFile; fileRef = BA132CD51F034D50002BD39B /* MJRefreshGifHeader.m */; };
		BA132CF41F034D50002BD39B /* MJRefreshNormalHeader.m in Sources */ = {isa = PBXBuildFile; fileRef = BA132CD71F034D50002BD39B /* MJRefreshNormalHeader.m */; };
		BA132CF51F034D50002BD39B /* MJRefreshStateHeader.m in Sources */ = {isa = PBXBuildFile; fileRef = BA132CD91F034D50002BD39B /* MJRefreshStateHeader.m */; };
		BA132CF61F034D50002BD39B /* MJRefresh.bundle in Resources */ = {isa = PBXBuildFile; fileRef = BA132CDA1F034D50002BD39B /* MJRefresh.bundle */; };
		BA132CF71F034D50002BD39B /* MJRefreshConst.m in Sources */ = {isa = PBXBuildFile; fileRef = BA132CDD1F034D50002BD39B /* MJRefreshConst.m */; };
		BA132CF81F034D50002BD39B /* NSBundle+MJRefresh.m in Sources */ = {isa = PBXBuildFile; fileRef = BA132CDF1F034D50002BD39B /* NSBundle+MJRefresh.m */; };
		BA132CF91F034D50002BD39B /* UIScrollView+MJExtension.m in Sources */ = {isa = PBXBuildFile; fileRef = BA132CE11F034D50002BD39B /* UIScrollView+MJExtension.m */; };
		BA132CFA1F034D50002BD39B /* UIScrollView+MJRefresh.m in Sources */ = {isa = PBXBuildFile; fileRef = BA132CE31F034D50002BD39B /* UIScrollView+MJRefresh.m */; };
		BA132CFB1F034D50002BD39B /* UIView+MJExtension.m in Sources */ = {isa = PBXBuildFile; fileRef = BA132CE51F034D50002BD39B /* UIView+MJExtension.m */; };
		BA132CFC1F034D50002BD39B /* README.md in Sources */ = {isa = PBXBuildFile; fileRef = BA132CE61F034D50002BD39B /* README.md */; };
		BA132D0D1F035BC9002BD39B /* LICENSE.txt in Resources */ = {isa = PBXBuildFile; fileRef = BA132CFE1F035BC9002BD39B /* LICENSE.txt */; };
		BA132D0E1F035BC9002BD39B /* README.markdown in Sources */ = {isa = PBXBuildFile; fileRef = BA132CFF1F035BC9002BD39B /* README.markdown */; };
		BA132D0F1F035BC9002BD39B /* FMDatabase.m in Sources */ = {isa = PBXBuildFile; fileRef = BA132D031F035BC9002BD39B /* FMDatabase.m */; };
		BA132D101F035BC9002BD39B /* FMDatabaseAdditions.m in Sources */ = {isa = PBXBuildFile; fileRef = BA132D051F035BC9002BD39B /* FMDatabaseAdditions.m */; };
		BA132D111F035BC9002BD39B /* FMDatabasePool.m in Sources */ = {isa = PBXBuildFile; fileRef = BA132D071F035BC9002BD39B /* FMDatabasePool.m */; };
		BA132D121F035BC9002BD39B /* FMDatabaseQueue.m in Sources */ = {isa = PBXBuildFile; fileRef = BA132D091F035BC9002BD39B /* FMDatabaseQueue.m */; };
		BA132D131F035BC9002BD39B /* FMResultSet.m in Sources */ = {isa = PBXBuildFile; fileRef = BA132D0C1F035BC9002BD39B /* FMResultSet.m */; };
		BA132D161F035C25002BD39B /* libsqlite3.tbd in Frameworks */ = {isa = PBXBuildFile; fileRef = BA132D151F035C25002BD39B /* libsqlite3.tbd */; };
		BA132D191F036077002BD39B /* XMSettingCell.m in Sources */ = {isa = PBXBuildFile; fileRef = BA132D181F036077002BD39B /* XMSettingCell.m */; };
		BA132D1C1F03841D002BD39B /* XMSetFontViewController.m in Sources */ = {isa = PBXBuildFile; fileRef = BA132D1B1F03841D002BD39B /* XMSetFontViewController.m */; };
		BA132D1F1F03856E002BD39B /* XMSetFontCell.m in Sources */ = {isa = PBXBuildFile; fileRef = BA132D1E1F03856E002BD39B /* XMSetFontCell.m */; };
		BA132D221F039922002BD39B /* XMManager.m in Sources */ = {isa = PBXBuildFile; fileRef = BA132D211F039922002BD39B /* XMManager.m */; };
		BA163C3C1F022E4C00FE64FD /* XMMoodCell.m in Sources */ = {isa = PBXBuildFile; fileRef = BA163C3B1F022E4C00FE64FD /* XMMoodCell.m */; };
		BA163C3F1F022E6F00FE64FD /* XMMoodModel.m in Sources */ = {isa = PBXBuildFile; fileRef = BA163C3E1F022E6F00FE64FD /* XMMoodModel.m */; };
		BA163C421F0230D800FE64FD /* XMHttpManager.m in Sources */ = {isa = PBXBuildFile; fileRef = BA163C411F0230D800FE64FD /* XMHttpManager.m */; };
		BA163C7C1F02433E00FE64FD /* UIView+XMAdd.m in Sources */ = {isa = PBXBuildFile; fileRef = BA163C7B1F02433E00FE64FD /* UIView+XMAdd.m */; };
		BA163C9E1F0245F500FE64FD /* LICENSE in Resources */ = {isa = PBXBuildFile; fileRef = BA163C7E1F0245F500FE64FD /* LICENSE */; };
		BA163C9F1F0245F500FE64FD /* README.md in Sources */ = {isa = PBXBuildFile; fileRef = BA163C7F1F0245F500FE64FD /* README.md */; };
		BA163CA01F0245F500FE64FD /* NSData+ImageContentType.m in Sources */ = {isa = PBXBuildFile; fileRef = BA163C821F0245F500FE64FD /* NSData+ImageContentType.m */; };
		BA163CA11F0245F500FE64FD /* SDImageCache.m in Sources */ = {isa = PBXBuildFile; fileRef = BA163C841F0245F500FE64FD /* SDImageCache.m */; };
		BA163CA21F0245F500FE64FD /* SDWebImageCompat.m in Sources */ = {isa = PBXBuildFile; fileRef = BA163C861F0245F500FE64FD /* SDWebImageCompat.m */; };
		BA163CA31F0245F500FE64FD /* SDWebImageDecoder.m in Sources */ = {isa = PBXBuildFile; fileRef = BA163C881F0245F500FE64FD /* SDWebImageDecoder.m */; };
		BA163CA41F0245F500FE64FD /* SDWebImageDownloader.m in Sources */ = {isa = PBXBuildFile; fileRef = BA163C8A1F0245F500FE64FD /* SDWebImageDownloader.m */; };
		BA163CA51F0245F500FE64FD /* SDWebImageDownloaderOperation.m in Sources */ = {isa = PBXBuildFile; fileRef = BA163C8C1F0245F500FE64FD /* SDWebImageDownloaderOperation.m */; };
		BA163CA61F0245F500FE64FD /* SDWebImageManager.m in Sources */ = {isa = PBXBuildFile; fileRef = BA163C8E1F0245F500FE64FD /* SDWebImageManager.m */; };
		BA163CA71F0245F500FE64FD /* SDWebImagePrefetcher.m in Sources */ = {isa = PBXBuildFile; fileRef = BA163C911F0245F500FE64FD /* SDWebImagePrefetcher.m */; };
		BA163CA81F0245F500FE64FD /* UIButton+WebCache.m in Sources */ = {isa = PBXBuildFile; fileRef = BA163C931F0245F500FE64FD /* UIButton+WebCache.m */; };
		BA163CA91F0245F500FE64FD /* UIImage+GIF.m in Sources */ = {isa = PBXBuildFile; fileRef = BA163C951F0245F500FE64FD /* UIImage+GIF.m */; };
		BA163CAA1F0245F500FE64FD /* UIImage+MultiFormat.m in Sources */ = {isa = PBXBuildFile; fileRef = BA163C971F0245F500FE64FD /* UIImage+MultiFormat.m */; };
		BA163CAB1F0245F500FE64FD /* UIImageView+HighlightedWebCache.m in Sources */ = {isa = PBXBuildFile; fileRef = BA163C991F0245F500FE64FD /* UIImageView+HighlightedWebCache.m */; };
		BA163CAC1F0245F500FE64FD /* UIImageView+WebCache.m in Sources */ = {isa = PBXBuildFile; fileRef = BA163C9B1F0245F500FE64FD /* UIImageView+WebCache.m */; };
		BA163CAD1F0245F500FE64FD /* UIView+WebCacheOperation.m in Sources */ = {isa = PBXBuildFile; fileRef = BA163C9D1F0245F500FE64FD /* UIView+WebCacheOperation.m */; };
		BA163CB01F025CFE00FE64FD /* NSString+XMAdd.m in Sources */ = {isa = PBXBuildFile; fileRef = BA163CAF1F025CFE00FE64FD /* NSString+XMAdd.m */; };
		BA47EA9F1F0109CD00B7F2AE /* main.m in Sources */ = {isa = PBXBuildFile; fileRef = BA47EA9E1F0109CD00B7F2AE /* main.m */; };
		BA47EAA21F0109CD00B7F2AE /* AppDelegate.m in Sources */ = {isa = PBXBuildFile; fileRef = BA47EAA11F0109CD00B7F2AE /* AppDelegate.m */; };
		BA47EAA71F0109CD00B7F2AE /* LaunchScreen.storyboard in Resources */ = {isa = PBXBuildFile; fileRef = BA47EAA51F0109CD00B7F2AE /* LaunchScreen.storyboard */; };
		BA47EAB21F0109CD00B7F2AE /* XMMoodTests.m in Sources */ = {isa = PBXBuildFile; fileRef = BA47EAB11F0109CD00B7F2AE /* XMMoodTests.m */; };
		BA47EABD1F0109CD00B7F2AE /* XMMoodUITests.m in Sources */ = {isa = PBXBuildFile; fileRef = BA47EABC1F0109CD00B7F2AE /* XMMoodUITests.m */; };
		BA47EAD31F010ADD00B7F2AE /* XMTabBarViewController.m in Sources */ = {isa = PBXBuildFile; fileRef = BA47EAD21F010ADD00B7F2AE /* XMTabBarViewController.m */; };
		BA47EAE21F010B4F00B7F2AE /* XMMoodViewController.m in Sources */ = {isa = PBXBuildFile; fileRef = BA47EAE11F010B4F00B7F2AE /* XMMoodViewController.m */; };
		BA496C711F78896F00D4CE41 /* Assets.xcassets in Resources */ = {isa = PBXBuildFile; fileRef = BA496C701F78896F00D4CE41 /* Assets.xcassets */; };
		BA5B60371F74B85D0093CE1D /* XMLoveCell.m in Sources */ = {isa = PBXBuildFile; fileRef = BA5B60361F74B85D0093CE1D /* XMLoveCell.m */; };
		BA64114C1F8B00D200D49C25 /* AFHTTPSessionManager.m in Sources */ = {isa = PBXBuildFile; fileRef = BA6411291F8B00D200D49C25 /* AFHTTPSessionManager.m */; };
		BA64114D1F8B00D200D49C25 /* AFNetworkReachabilityManager.m in Sources */ = {isa = PBXBuildFile; fileRef = BA64112C1F8B00D200D49C25 /* AFNetworkReachabilityManager.m */; };
		BA64114E1F8B00D200D49C25 /* AFSecurityPolicy.m in Sources */ = {isa = PBXBuildFile; fileRef = BA64112E1F8B00D200D49C25 /* AFSecurityPolicy.m */; };
		BA64114F1F8B00D200D49C25 /* AFURLRequestSerialization.m in Sources */ = {isa = PBXBuildFile; fileRef = BA6411301F8B00D200D49C25 /* AFURLRequestSerialization.m */; };
		BA6411501F8B00D200D49C25 /* AFURLResponseSerialization.m in Sources */ = {isa = PBXBuildFile; fileRef = BA6411321F8B00D200D49C25 /* AFURLResponseSerialization.m */; };
		BA6411511F8B00D200D49C25 /* AFURLSessionManager.m in Sources */ = {isa = PBXBuildFile; fileRef = BA6411341F8B00D200D49C25 /* AFURLSessionManager.m */; };
		BA6411521F8B00D200D49C25 /* LICENSE in Resources */ = {isa = PBXBuildFile; fileRef = BA6411351F8B00D200D49C25 /* LICENSE */; };
		BA6411531F8B00D200D49C25 /* README.md in Sources */ = {isa = PBXBuildFile; fileRef = BA6411361F8B00D200D49C25 /* README.md */; };
		BA6411541F8B00D200D49C25 /* AFAutoPurgingImageCache.m in Sources */ = {isa = PBXBuildFile; fileRef = BA6411391F8B00D200D49C25 /* AFAutoPurgingImageCache.m */; };
		BA6411551F8B00D200D49C25 /* AFImageDownloader.m in Sources */ = {isa = PBXBuildFile; fileRef = BA64113B1F8B00D200D49C25 /* AFImageDownloader.m */; };
		BA6411561F8B00D200D49C25 /* AFNetworkActivityIndicatorManager.m in Sources */ = {isa = PBXBuildFile; fileRef = BA64113D1F8B00D200D49C25 /* AFNetworkActivityIndicatorManager.m */; };
		BA6411571F8B00D200D49C25 /* UIActivityIndicatorView+AFNetworking.m in Sources */ = {isa = PBXBuildFile; fileRef = BA64113F1F8B00D200D49C25 /* UIActivityIndicatorView+AFNetworking.m */; };
		BA6411581F8B00D200D49C25 /* UIButton+AFNetworking.m in Sources */ = {isa = PBXBuildFile; fileRef = BA6411411F8B00D200D49C25 /* UIButton+AFNetworking.m */; };
		BA6411591F8B00D200D49C25 /* UIImageView+AFNetworking.m in Sources */ = {isa = PBXBuildFile; fileRef = BA6411441F8B00D200D49C25 /* UIImageView+AFNetworking.m */; };
		BA64115A1F8B00D200D49C25 /* UIProgressView+AFNetworking.m in Sources */ = {isa = PBXBuildFile; fileRef = BA6411471F8B00D200D49C25 /* UIProgressView+AFNetworking.m */; };
		BA64115B1F8B00D200D49C25 /* UIRefreshControl+AFNetworking.m in Sources */ = {isa = PBXBuildFile; fileRef = BA6411491F8B00D200D49C25 /* UIRefreshControl+AFNetworking.m */; };
		BA64115C1F8B00D200D49C25 /* UIWebView+AFNetworking.m in Sources */ = {isa = PBXBuildFile; fileRef = BA64114B1F8B00D200D49C25 /* UIWebView+AFNetworking.m */; };
		BA656A3E1F7F2E6A004451CB /* XMMineViewController.m in Sources */ = {isa = PBXBuildFile; fileRef = BA656A3D1F7F2E6A004451CB /* XMMineViewController.m */; };
		BA656A411F7F2FE3004451CB /* XMNavbarView.m in Sources */ = {isa = PBXBuildFile; fileRef = BA656A401F7F2FE3004451CB /* XMNavbarView.m */; };
		BA656A451F7F3B53004451CB /* UIViewController+XMViewController.m in Sources */ = {isa = PBXBuildFile; fileRef = BA656A441F7F3B53004451CB /* UIViewController+XMViewController.m */; };
		BA656A4F1F7F463D004451CB /* XMMoodwallViewController.m in Sources */ = {isa = PBXBuildFile; fileRef = BA656A4E1F7F463D004451CB /* XMMoodwallViewController.m */; };
		BA656A521F7F4D22004451CB /* XMMoodwallModel.m in Sources */ = {isa = PBXBuildFile; fileRef = BA656A511F7F4D22004451CB /* XMMoodwallModel.m */; };
		BA656A581F7F6E61004451CB /* XMMoodwallCell.m in Sources */ = {isa = PBXBuildFile; fileRef = BA656A571F7F6E61004451CB /* XMMoodwallCell.m */; };
		BA8A62701F0B7647001B4E8D /* XMFMDBManager.m in Sources */ = {isa = PBXBuildFile; fileRef = BA8A626F1F0B7647001B4E8D /* XMFMDBManager.m */; };
		BA8A62731F0B7A0B001B4E8D /* XMLoveModel.m in Sources */ = {isa = PBXBuildFile; fileRef = BA8A62721F0B7A0B001B4E8D /* XMLoveModel.m */; };
		BAB5FB8E1F905B24001C48DB /* WXZTipView.m in Sources */ = {isa = PBXBuildFile; fileRef = BAB5FB8D1F905B24001C48DB /* WXZTipView.m */; };
		BAB5FB911F905F21001C48DB /* XMAlertView.m in Sources */ = {isa = PBXBuildFile; fileRef = BAB5FB901F905F21001C48DB /* XMAlertView.m */; };
/* End PBXBuildFile section */

/* Begin PBXContainerItemProxy section */
		BA47EAAE1F0109CD00B7F2AE /* PBXContainerItemProxy */ = {
			isa = PBXContainerItemProxy;
			containerPortal = BA47EA921F0109CD00B7F2AE /* Project object */;
			proxyType = 1;
			remoteGlobalIDString = BA47EA991F0109CD00B7F2AE;
			remoteInfo = XMMood;
		};
		BA47EAB91F0109CD00B7F2AE /* PBXContainerItemProxy */ = {
			isa = PBXContainerItemProxy;
			containerPortal = BA47EA921F0109CD00B7F2AE /* Project object */;
			proxyType = 1;
			remoteGlobalIDString = BA47EA991F0109CD00B7F2AE;
			remoteInfo = XMMood;
		};
/* End PBXContainerItemProxy section */

/* Begin PBXFileReference section */
		BA132CAF1F034429002BD39B /* XMSettingViewController.h */ = {isa = PBXFileReference; fileEncoding = 4; lastKnownFileType = sourcecode.c.h; path = XMSettingViewController.h; sourceTree = "<group>"; };
		BA132CB01F034429002BD39B /* XMSettingViewController.m */ = {isa = PBXFileReference; fileEncoding = 4; lastKnownFileType = sourcecode.c.objc; path = XMSettingViewController.m; sourceTree = "<group>"; };
		BA132CB21F034435002BD39B /* XMLoveViewController.h */ = {isa = PBXFileReference; fileEncoding = 4; lastKnownFileType = sourcecode.c.h; path = XMLoveViewController.h; sourceTree = "<group>"; };
		BA132CB31F034435002BD39B /* XMLoveViewController.m */ = {isa = PBXFileReference; fileEncoding = 4; lastKnownFileType = sourcecode.c.objc; path = XMLoveViewController.m; sourceTree = "<group>"; };
		BA132CB61F034D50002BD39B /* LICENSE */ = {isa = PBXFileReference; fileEncoding = 4; lastKnownFileType = text; path = LICENSE; sourceTree = "<group>"; };
		BA132CB91F034D50002BD39B /* MJRefreshAutoFooter.h */ = {isa = PBXFileReference; fileEncoding = 4; lastKnownFileType = sourcecode.c.h; path = MJRefreshAutoFooter.h; sourceTree = "<group>"; };
		BA132CBA1F034D50002BD39B /* MJRefreshAutoFooter.m */ = {isa = PBXFileReference; fileEncoding = 4; lastKnownFileType = sourcecode.c.objc; path = MJRefreshAutoFooter.m; sourceTree = "<group>"; };
		BA132CBB1F034D50002BD39B /* MJRefreshBackFooter.h */ = {isa = PBXFileReference; fileEncoding = 4; lastKnownFileType = sourcecode.c.h; path = MJRefreshBackFooter.h; sourceTree = "<group>"; };
		BA132CBC1F034D50002BD39B /* MJRefreshBackFooter.m */ = {isa = PBXFileReference; fileEncoding = 4; lastKnownFileType = sourcecode.c.objc; path = MJRefreshBackFooter.m; sourceTree = "<group>"; };
		BA132CBD1F034D50002BD39B /* MJRefreshComponent.h */ = {isa = PBXFileReference; fileEncoding = 4; lastKnownFileType = sourcecode.c.h; path = MJRefreshComponent.h; sourceTree = "<group>"; };
		BA132CBE1F034D50002BD39B /* MJRefreshComponent.m */ = {isa = PBXFileReference; fileEncoding = 4; lastKnownFileType = sourcecode.c.objc; path = MJRefreshComponent.m; sourceTree = "<group>"; };
		BA132CBF1F034D50002BD39B /* MJRefreshFooter.h */ = {isa = PBXFileReference; fileEncoding = 4; lastKnownFileType = sourcecode.c.h; path = MJRefreshFooter.h; sourceTree = "<group>"; };
		BA132CC01F034D50002BD39B /* MJRefreshFooter.m */ = {isa = PBXFileReference; fileEncoding = 4; lastKnownFileType = sourcecode.c.objc; path = MJRefreshFooter.m; sourceTree = "<group>"; };
		BA132CC11F034D50002BD39B /* MJRefreshHeader.h */ = {isa = PBXFileReference; fileEncoding = 4; lastKnownFileType = sourcecode.c.h; path = MJRefreshHeader.h; sourceTree = "<group>"; };
		BA132CC21F034D50002BD39B /* MJRefreshHeader.m */ = {isa = PBXFileReference; fileEncoding = 4; lastKnownFileType = sourcecode.c.objc; path = MJRefreshHeader.m; sourceTree = "<group>"; };
		BA132CC61F034D50002BD39B /* MJRefreshAutoGifFooter.h */ = {isa = PBXFileReference; fileEncoding = 4; lastKnownFileType = sourcecode.c.h; path = MJRefreshAutoGifFooter.h; sourceTree = "<group>"; };
		BA132CC71F034D50002BD39B /* MJRefreshAutoGifFooter.m */ = {isa = PBXFileReference; fileEncoding = 4; lastKnownFileType = sourcecode.c.objc; path = MJRefreshAutoGifFooter.m; sourceTree = "<group>"; };
		BA132CC81F034D50002BD39B /* MJRefreshAutoNormalFooter.h */ = {isa = PBXFileReference; fileEncoding = 4; lastKnownFileType = sourcecode.c.h; path = MJRefreshAutoNormalFooter.h; sourceTree = "<group>"; };
		BA132CC91F034D50002BD39B /* MJRefreshAutoNormalFooter.m */ = {isa = PBXFileReference; fileEncoding = 4; lastKnownFileType = sourcecode.c.objc; path = MJRefreshAutoNormalFooter.m; sourceTree = "<group>"; };
		BA132CCA1F034D50002BD39B /* MJRefreshAutoStateFooter.h */ = {isa = PBXFileReference; fileEncoding = 4; lastKnownFileType = sourcecode.c.h; path = MJRefreshAutoStateFooter.h; sourceTree = "<group>"; };
		BA132CCB1F034D50002BD39B /* MJRefreshAutoStateFooter.m */ = {isa = PBXFileReference; fileEncoding = 4; lastKnownFileType = sourcecode.c.objc; path = MJRefreshAutoStateFooter.m; sourceTree = "<group>"; };
		BA132CCD1F034D50002BD39B /* MJRefreshBackGifFooter.h */ = {isa = PBXFileReference; fileEncoding = 4; lastKnownFileType = sourcecode.c.h; path = MJRefreshBackGifFooter.h; sourceTree = "<group>"; };
		BA132CCE1F034D50002BD39B /* MJRefreshBackGifFooter.m */ = {isa = PBXFileReference; fileEncoding = 4; lastKnownFileType = sourcecode.c.objc; path = MJRefreshBackGifFooter.m; sourceTree = "<group>"; };
		BA132CCF1F034D50002BD39B /* MJRefreshBackNormalFooter.h */ = {isa = PBXFileReference; fileEncoding = 4; lastKnownFileType = sourcecode.c.h; path = MJRefreshBackNormalFooter.h; sourceTree = "<group>"; };
		BA132CD01F034D50002BD39B /* MJRefreshBackNormalFooter.m */ = {isa = PBXFileReference; fileEncoding = 4; lastKnownFileType = sourcecode.c.objc; path = MJRefreshBackNormalFooter.m; sourceTree = "<group>"; };
		BA132CD11F034D50002BD39B /* MJRefreshBackStateFooter.h */ = {isa = PBXFileReference; fileEncoding = 4; lastKnownFileType = sourcecode.c.h; path = MJRefreshBackStateFooter.h; sourceTree = "<group>"; };
		BA132CD21F034D50002BD39B /* MJRefreshBackStateFooter.m */ = {isa = PBXFileReference; fileEncoding = 4; lastKnownFileType = sourcecode.c.objc; path = MJRefreshBackStateFooter.m; sourceTree = "<group>"; };
		BA132CD41F034D50002BD39B /* MJRefreshGifHeader.h */ = {isa = PBXFileReference; fileEncoding = 4; lastKnownFileType = sourcecode.c.h; path = MJRefreshGifHeader.h; sourceTree = "<group>"; };
		BA132CD51F034D50002BD39B /* MJRefreshGifHeader.m */ = {isa = PBXFileReference; fileEncoding = 4; lastKnownFileType = sourcecode.c.objc; path = MJRefreshGifHeader.m; sourceTree = "<group>"; };
		BA132CD61F034D50002BD39B /* MJRefreshNormalHeader.h */ = {isa = PBXFileReference; fileEncoding = 4; lastKnownFileType = sourcecode.c.h; path = MJRefreshNormalHeader.h; sourceTree = "<group>"; };
		BA132CD71F034D50002BD39B /* MJRefreshNormalHeader.m */ = {isa = PBXFileReference; fileEncoding = 4; lastKnownFileType = sourcecode.c.objc; path = MJRefreshNormalHeader.m; sourceTree = "<group>"; };
		BA132CD81F034D50002BD39B /* MJRefreshStateHeader.h */ = {isa = PBXFileReference; fileEncoding = 4; lastKnownFileType = sourcecode.c.h; path = MJRefreshStateHeader.h; sourceTree = "<group>"; };
		BA132CD91F034D50002BD39B /* MJRefreshStateHeader.m */ = {isa = PBXFileReference; fileEncoding = 4; lastKnownFileType = sourcecode.c.objc; path = MJRefreshStateHeader.m; sourceTree = "<group>"; };
		BA132CDA1F034D50002BD39B /* MJRefresh.bundle */ = {isa = PBXFileReference; lastKnownFileType = "wrapper.plug-in"; path = MJRefresh.bundle; sourceTree = "<group>"; };
		BA132CDB1F034D50002BD39B /* MJRefresh.h */ = {isa = PBXFileReference; fileEncoding = 4; lastKnownFileType = sourcecode.c.h; path = MJRefresh.h; sourceTree = "<group>"; };
		BA132CDC1F034D50002BD39B /* MJRefreshConst.h */ = {isa = PBXFileReference; fileEncoding = 4; lastKnownFileType = sourcecode.c.h; path = MJRefreshConst.h; sourceTree = "<group>"; };
		BA132CDD1F034D50002BD39B /* MJRefreshConst.m */ = {isa = PBXFileReference; fileEncoding = 4; lastKnownFileType = sourcecode.c.objc; path = MJRefreshConst.m; sourceTree = "<group>"; };
		BA132CDE1F034D50002BD39B /* NSBundle+MJRefresh.h */ = {isa = PBXFileReference; fileEncoding = 4; lastKnownFileType = sourcecode.c.h; path = "NSBundle+MJRefresh.h"; sourceTree = "<group>"; };
		BA132CDF1F034D50002BD39B /* NSBundle+MJRefresh.m */ = {isa = PBXFileReference; fileEncoding = 4; lastKnownFileType = sourcecode.c.objc; path = "NSBundle+MJRefresh.m"; sourceTree = "<group>"; };
		BA132CE01F034D50002BD39B /* UIScrollView+MJExtension.h */ = {isa = PBXFileReference; fileEncoding = 4; lastKnownFileType = sourcecode.c.h; path = "UIScrollView+MJExtension.h"; sourceTree = "<group>"; };
		BA132CE11F034D50002BD39B /* UIScrollView+MJExtension.m */ = {isa = PBXFileReference; fileEncoding = 4; lastKnownFileType = sourcecode.c.objc; path = "UIScrollView+MJExtension.m"; sourceTree = "<group>"; };
		BA132CE21F034D50002BD39B /* UIScrollView+MJRefresh.h */ = {isa = PBXFileReference; fileEncoding = 4; lastKnownFileType = sourcecode.c.h; path = "UIScrollView+MJRefresh.h"; sourceTree = "<group>"; };
		BA132CE31F034D50002BD39B /* UIScrollView+MJRefresh.m */ = {isa = PBXFileReference; fileEncoding = 4; lastKnownFileType = sourcecode.c.objc; path = "UIScrollView+MJRefresh.m"; sourceTree = "<group>"; };
		BA132CE41F034D50002BD39B /* UIView+MJExtension.h */ = {isa = PBXFileReference; fileEncoding = 4; lastKnownFileType = sourcecode.c.h; path = "UIView+MJExtension.h"; sourceTree = "<group>"; };
		BA132CE51F034D50002BD39B /* UIView+MJExtension.m */ = {isa = PBXFileReference; fileEncoding = 4; lastKnownFileType = sourcecode.c.objc; path = "UIView+MJExtension.m"; sourceTree = "<group>"; };
		BA132CE61F034D50002BD39B /* README.md */ = {isa = PBXFileReference; fileEncoding = 4; lastKnownFileType = net.daringfireball.markdown; path = README.md; sourceTree = "<group>"; };
		BA132CFE1F035BC9002BD39B /* LICENSE.txt */ = {isa = PBXFileReference; fileEncoding = 4; lastKnownFileType = text; path = LICENSE.txt; sourceTree = "<group>"; };
		BA132CFF1F035BC9002BD39B /* README.markdown */ = {isa = PBXFileReference; fileEncoding = 4; lastKnownFileType = net.daringfireball.markdown; path = README.markdown; sourceTree = "<group>"; };
		BA132D021F035BC9002BD39B /* FMDatabase.h */ = {isa = PBXFileReference; fileEncoding = 4; lastKnownFileType = sourcecode.c.h; path = FMDatabase.h; sourceTree = "<group>"; };
		BA132D031F035BC9002BD39B /* FMDatabase.m */ = {isa = PBXFileReference; fileEncoding = 4; lastKnownFileType = sourcecode.c.objc; path = FMDatabase.m; sourceTree = "<group>"; };
		BA132D041F035BC9002BD39B /* FMDatabaseAdditions.h */ = {isa = PBXFileReference; fileEncoding = 4; lastKnownFileType = sourcecode.c.h; path = FMDatabaseAdditions.h; sourceTree = "<group>"; };
		BA132D051F035BC9002BD39B /* FMDatabaseAdditions.m */ = {isa = PBXFileReference; fileEncoding = 4; lastKnownFileType = sourcecode.c.objc; path = FMDatabaseAdditions.m; sourceTree = "<group>"; };
		BA132D061F035BC9002BD39B /* FMDatabasePool.h */ = {isa = PBXFileReference; fileEncoding = 4; lastKnownFileType = sourcecode.c.h; path = FMDatabasePool.h; sourceTree = "<group>"; };
		BA132D071F035BC9002BD39B /* FMDatabasePool.m */ = {isa = PBXFileReference; fileEncoding = 4; lastKnownFileType = sourcecode.c.objc; path = FMDatabasePool.m; sourceTree = "<group>"; };
		BA132D081F035BC9002BD39B /* FMDatabaseQueue.h */ = {isa = PBXFileReference; fileEncoding = 4; lastKnownFileType = sourcecode.c.h; path = FMDatabaseQueue.h; sourceTree = "<group>"; };
		BA132D091F035BC9002BD39B /* FMDatabaseQueue.m */ = {isa = PBXFileReference; fileEncoding = 4; lastKnownFileType = sourcecode.c.objc; path = FMDatabaseQueue.m; sourceTree = "<group>"; };
		BA132D0A1F035BC9002BD39B /* FMDB.h */ = {isa = PBXFileReference; fileEncoding = 4; lastKnownFileType = sourcecode.c.h; path = FMDB.h; sourceTree = "<group>"; };
		BA132D0B1F035BC9002BD39B /* FMResultSet.h */ = {isa = PBXFileReference; fileEncoding = 4; lastKnownFileType = sourcecode.c.h; path = FMResultSet.h; sourceTree = "<group>"; };
		BA132D0C1F035BC9002BD39B /* FMResultSet.m */ = {isa = PBXFileReference; fileEncoding = 4; lastKnownFileType = sourcecode.c.objc; path = FMResultSet.m; sourceTree = "<group>"; };
		BA132D151F035C25002BD39B /* libsqlite3.tbd */ = {isa = PBXFileReference; lastKnownFileType = "sourcecode.text-based-dylib-definition"; name = libsqlite3.tbd; path = usr/lib/libsqlite3.tbd; sourceTree = SDKROOT; };
		BA132D171F036077002BD39B /* XMSettingCell.h */ = {isa = PBXFileReference; fileEncoding = 4; lastKnownFileType = sourcecode.c.h; path = XMSettingCell.h; sourceTree = "<group>"; };
		BA132D181F036077002BD39B /* XMSettingCell.m */ = {isa = PBXFileReference; fileEncoding = 4; lastKnownFileType = sourcecode.c.objc; path = XMSettingCell.m; sourceTree = "<group>"; };
		BA132D1A1F03841D002BD39B /* XMSetFontViewController.h */ = {isa = PBXFileReference; fileEncoding = 4; lastKnownFileType = sourcecode.c.h; path = XMSetFontViewController.h; sourceTree = "<group>"; };
		BA132D1B1F03841D002BD39B /* XMSetFontViewController.m */ = {isa = PBXFileReference; fileEncoding = 4; lastKnownFileType = sourcecode.c.objc; path = XMSetFontViewController.m; sourceTree = "<group>"; };
		BA132D1D1F03856E002BD39B /* XMSetFontCell.h */ = {isa = PBXFileReference; fileEncoding = 4; lastKnownFileType = sourcecode.c.h; path = XMSetFontCell.h; sourceTree = "<group>"; };
		BA132D1E1F03856E002BD39B /* XMSetFontCell.m */ = {isa = PBXFileReference; fileEncoding = 4; lastKnownFileType = sourcecode.c.objc; path = XMSetFontCell.m; sourceTree = "<group>"; };
		BA132D201F039922002BD39B /* XMManager.h */ = {isa = PBXFileReference; fileEncoding = 4; lastKnownFileType = sourcecode.c.h; path = XMManager.h; sourceTree = "<group>"; };
		BA132D211F039922002BD39B /* XMManager.m */ = {isa = PBXFileReference; fileEncoding = 4; lastKnownFileType = sourcecode.c.objc; path = XMManager.m; sourceTree = "<group>"; };
		BA163C391F01FEB900FE64FD /* XMPrefixHeader.pch */ = {isa = PBXFileReference; lastKnownFileType = sourcecode.c.h; path = XMPrefixHeader.pch; sourceTree = "<group>"; };
		BA163C3A1F022E4C00FE64FD /* XMMoodCell.h */ = {isa = PBXFileReference; fileEncoding = 4; lastKnownFileType = sourcecode.c.h; path = XMMoodCell.h; sourceTree = "<group>"; };
		BA163C3B1F022E4C00FE64FD /* XMMoodCell.m */ = {isa = PBXFileReference; fileEncoding = 4; lastKnownFileType = sourcecode.c.objc; path = XMMoodCell.m; sourceTree = "<group>"; };
		BA163C3D1F022E6F00FE64FD /* XMMoodModel.h */ = {isa = PBXFileReference; fileEncoding = 4; lastKnownFileType = sourcecode.c.h; path = XMMoodModel.h; sourceTree = "<group>"; };
		BA163C3E1F022E6F00FE64FD /* XMMoodModel.m */ = {isa = PBXFileReference; fileEncoding = 4; lastKnownFileType = sourcecode.c.objc; path = XMMoodModel.m; sourceTree = "<group>"; };
		BA163C401F0230D800FE64FD /* XMHttpManager.h */ = {isa = PBXFileReference; fileEncoding = 4; lastKnownFileType = sourcecode.c.h; path = XMHttpManager.h; sourceTree = "<group>"; };
		BA163C411F0230D800FE64FD /* XMHttpManager.m */ = {isa = PBXFileReference; fileEncoding = 4; lastKnownFileType = sourcecode.c.objc; path = XMHttpManager.m; sourceTree = "<group>"; };
		BA163C7A1F02433E00FE64FD /* UIView+XMAdd.h */ = {isa = PBXFileReference; fileEncoding = 4; lastKnownFileType = sourcecode.c.h; path = "UIView+XMAdd.h"; sourceTree = "<group>"; };
		BA163C7B1F02433E00FE64FD /* UIView+XMAdd.m */ = {isa = PBXFileReference; fileEncoding = 4; lastKnownFileType = sourcecode.c.objc; path = "UIView+XMAdd.m"; sourceTree = "<group>"; };
		BA163C7E1F0245F500FE64FD /* LICENSE */ = {isa = PBXFileReference; fileEncoding = 4; lastKnownFileType = text; path = LICENSE; sourceTree = "<group>"; };
		BA163C7F1F0245F500FE64FD /* README.md */ = {isa = PBXFileReference; fileEncoding = 4; lastKnownFileType = net.daringfireball.markdown; path = README.md; sourceTree = "<group>"; };
		BA163C811F0245F500FE64FD /* NSData+ImageContentType.h */ = {isa = PBXFileReference; fileEncoding = 4; lastKnownFileType = sourcecode.c.h; path = "NSData+ImageContentType.h"; sourceTree = "<group>"; };
		BA163C821F0245F500FE64FD /* NSData+ImageContentType.m */ = {isa = PBXFileReference; fileEncoding = 4; lastKnownFileType = sourcecode.c.objc; path = "NSData+ImageContentType.m"; sourceTree = "<group>"; };
		BA163C831F0245F500FE64FD /* SDImageCache.h */ = {isa = PBXFileReference; fileEncoding = 4; lastKnownFileType = sourcecode.c.h; path = SDImageCache.h; sourceTree = "<group>"; };
		BA163C841F0245F500FE64FD /* SDImageCache.m */ = {isa = PBXFileReference; fileEncoding = 4; lastKnownFileType = sourcecode.c.objc; path = SDImageCache.m; sourceTree = "<group>"; };
		BA163C851F0245F500FE64FD /* SDWebImageCompat.h */ = {isa = PBXFileReference; fileEncoding = 4; lastKnownFileType = sourcecode.c.h; path = SDWebImageCompat.h; sourceTree = "<group>"; };
		BA163C861F0245F500FE64FD /* SDWebImageCompat.m */ = {isa = PBXFileReference; fileEncoding = 4; lastKnownFileType = sourcecode.c.objc; path = SDWebImageCompat.m; sourceTree = "<group>"; };
		BA163C871F0245F500FE64FD /* SDWebImageDecoder.h */ = {isa = PBXFileReference; fileEncoding = 4; lastKnownFileType = sourcecode.c.h; path = SDWebImageDecoder.h; sourceTree = "<group>"; };
		BA163C881F0245F500FE64FD /* SDWebImageDecoder.m */ = {isa = PBXFileReference; fileEncoding = 4; lastKnownFileType = sourcecode.c.objc; path = SDWebImageDecoder.m; sourceTree = "<group>"; };
		BA163C891F0245F500FE64FD /* SDWebImageDownloader.h */ = {isa = PBXFileReference; fileEncoding = 4; lastKnownFileType = sourcecode.c.h; path = SDWebImageDownloader.h; sourceTree = "<group>"; };
		BA163C8A1F0245F500FE64FD /* SDWebImageDownloader.m */ = {isa = PBXFileReference; fileEncoding = 4; lastKnownFileType = sourcecode.c.objc; path = SDWebImageDownloader.m; sourceTree = "<group>"; };
		BA163C8B1F0245F500FE64FD /* SDWebImageDownloaderOperation.h */ = {isa = PBXFileReference; fileEncoding = 4; lastKnownFileType = sourcecode.c.h; path = SDWebImageDownloaderOperation.h; sourceTree = "<group>"; };
		BA163C8C1F0245F500FE64FD /* SDWebImageDownloaderOperation.m */ = {isa = PBXFileReference; fileEncoding = 4; lastKnownFileType = sourcecode.c.objc; path = SDWebImageDownloaderOperation.m; sourceTree = "<group>"; };
		BA163C8D1F0245F500FE64FD /* SDWebImageManager.h */ = {isa = PBXFileReference; fileEncoding = 4; lastKnownFileType = sourcecode.c.h; path = SDWebImageManager.h; sourceTree = "<group>"; };
		BA163C8E1F0245F500FE64FD /* SDWebImageManager.m */ = {isa = PBXFileReference; fileEncoding = 4; lastKnownFileType = sourcecode.c.objc; path = SDWebImageManager.m; sourceTree = "<group>"; };
		BA163C8F1F0245F500FE64FD /* SDWebImageOperation.h */ = {isa = PBXFileReference; fileEncoding = 4; lastKnownFileType = sourcecode.c.h; path = SDWebImageOperation.h; sourceTree = "<group>"; };
		BA163C901F0245F500FE64FD /* SDWebImagePrefetcher.h */ = {isa = PBXFileReference; fileEncoding = 4; lastKnownFileType = sourcecode.c.h; path = SDWebImagePrefetcher.h; sourceTree = "<group>"; };
		BA163C911F0245F500FE64FD /* SDWebImagePrefetcher.m */ = {isa = PBXFileReference; fileEncoding = 4; lastKnownFileType = sourcecode.c.objc; path = SDWebImagePrefetcher.m; sourceTree = "<group>"; };
		BA163C921F0245F500FE64FD /* UIButton+WebCache.h */ = {isa = PBXFileReference; fileEncoding = 4; lastKnownFileType = sourcecode.c.h; path = "UIButton+WebCache.h"; sourceTree = "<group>"; };
		BA163C931F0245F500FE64FD /* UIButton+WebCache.m */ = {isa = PBXFileReference; fileEncoding = 4; lastKnownFileType = sourcecode.c.objc; path = "UIButton+WebCache.m"; sourceTree = "<group>"; };
		BA163C941F0245F500FE64FD /* UIImage+GIF.h */ = {isa = PBXFileReference; fileEncoding = 4; lastKnownFileType = sourcecode.c.h; path = "UIImage+GIF.h"; sourceTree = "<group>"; };
		BA163C951F0245F500FE64FD /* UIImage+GIF.m */ = {isa = PBXFileReference; fileEncoding = 4; lastKnownFileType = sourcecode.c.objc; path = "UIImage+GIF.m"; sourceTree = "<group>"; };
		BA163C961F0245F500FE64FD /* UIImage+MultiFormat.h */ = {isa = PBXFileReference; fileEncoding = 4; lastKnownFileType = sourcecode.c.h; path = "UIImage+MultiFormat.h"; sourceTree = "<group>"; };
		BA163C971F0245F500FE64FD /* UIImage+MultiFormat.m */ = {isa = PBXFileReference; fileEncoding = 4; lastKnownFileType = sourcecode.c.objc; path = "UIImage+MultiFormat.m"; sourceTree = "<group>"; };
		BA163C981F0245F500FE64FD /* UIImageView+HighlightedWebCache.h */ = {isa = PBXFileReference; fileEncoding = 4; lastKnownFileType = sourcecode.c.h; path = "UIImageView+HighlightedWebCache.h"; sourceTree = "<group>"; };
		BA163C991F0245F500FE64FD /* UIImageView+HighlightedWebCache.m */ = {isa = PBXFileReference; fileEncoding = 4; lastKnownFileType = sourcecode.c.objc; path = "UIImageView+HighlightedWebCache.m"; sourceTree = "<group>"; };
		BA163C9A1F0245F500FE64FD /* UIImageView+WebCache.h */ = {isa = PBXFileReference; fileEncoding = 4; lastKnownFileType = sourcecode.c.h; path = "UIImageView+WebCache.h"; sourceTree = "<group>"; };
		BA163C9B1F0245F500FE64FD /* UIImageView+WebCache.m */ = {isa = PBXFileReference; fileEncoding = 4; lastKnownFileType = sourcecode.c.objc; path = "UIImageView+WebCache.m"; sourceTree = "<group>"; };
		BA163C9C1F0245F500FE64FD /* UIView+WebCacheOperation.h */ = {isa = PBXFileReference; fileEncoding = 4; lastKnownFileType = sourcecode.c.h; path = "UIView+WebCacheOperation.h"; sourceTree = "<group>"; };
		BA163C9D1F0245F500FE64FD /* UIView+WebCacheOperation.m */ = {isa = PBXFileReference; fileEncoding = 4; lastKnownFileType = sourcecode.c.objc; path = "UIView+WebCacheOperation.m"; sourceTree = "<group>"; };
		BA163CAE1F025CFE00FE64FD /* NSString+XMAdd.h */ = {isa = PBXFileReference; fileEncoding = 4; lastKnownFileType = sourcecode.c.h; path = "NSString+XMAdd.h"; sourceTree = "<group>"; };
		BA163CAF1F025CFE00FE64FD /* NSString+XMAdd.m */ = {isa = PBXFileReference; fileEncoding = 4; lastKnownFileType = sourcecode.c.objc; path = "NSString+XMAdd.m"; sourceTree = "<group>"; };
		BA47EA9A1F0109CD00B7F2AE /* XMMood.app */ = {isa = PBXFileReference; explicitFileType = wrapper.application; includeInIndex = 0; path = XMMood.app; sourceTree = BUILT_PRODUCTS_DIR; };
		BA47EA9E1F0109CD00B7F2AE /* main.m */ = {isa = PBXFileReference; lastKnownFileType = sourcecode.c.objc; path = main.m; sourceTree = "<group>"; };
		BA47EAA01F0109CD00B7F2AE /* AppDelegate.h */ = {isa = PBXFileReference; lastKnownFileType = sourcecode.c.h; name = AppDelegate.h; path = XMMood/AppDelegate.h; sourceTree = SOURCE_ROOT; };
		BA47EAA11F0109CD00B7F2AE /* AppDelegate.m */ = {isa = PBXFileReference; lastKnownFileType = sourcecode.c.objc; name = AppDelegate.m; path = XMMood/AppDelegate.m; sourceTree = SOURCE_ROOT; };
		BA47EAA61F0109CD00B7F2AE /* Base */ = {isa = PBXFileReference; lastKnownFileType = file.storyboard; name = Base; path = Base.lproj/LaunchScreen.storyboard; sourceTree = "<group>"; };
		BA47EAA81F0109CD00B7F2AE /* Info.plist */ = {isa = PBXFileReference; lastKnownFileType = text.plist.xml; path = Info.plist; sourceTree = "<group>"; };
		BA47EAAD1F0109CD00B7F2AE /* XMMoodTests.xctest */ = {isa = PBXFileReference; explicitFileType = wrapper.cfbundle; includeInIndex = 0; path = XMMoodTests.xctest; sourceTree = BUILT_PRODUCTS_DIR; };
		BA47EAB11F0109CD00B7F2AE /* XMMoodTests.m */ = {isa = PBXFileReference; lastKnownFileType = sourcecode.c.objc; path = XMMoodTests.m; sourceTree = "<group>"; };
		BA47EAB31F0109CD00B7F2AE /* Info.plist */ = {isa = PBXFileReference; lastKnownFileType = text.plist.xml; path = Info.plist; sourceTree = "<group>"; };
		BA47EAB81F0109CD00B7F2AE /* XMMoodUITests.xctest */ = {isa = PBXFileReference; explicitFileType = wrapper.cfbundle; includeInIndex = 0; path = XMMoodUITests.xctest; sourceTree = BUILT_PRODUCTS_DIR; };
		BA47EABC1F0109CD00B7F2AE /* XMMoodUITests.m */ = {isa = PBXFileReference; lastKnownFileType = sourcecode.c.objc; path = XMMoodUITests.m; sourceTree = "<group>"; };
		BA47EABE1F0109CD00B7F2AE /* Info.plist */ = {isa = PBXFileReference; lastKnownFileType = text.plist.xml; path = Info.plist; sourceTree = "<group>"; };
		BA47EAD11F010ADD00B7F2AE /* XMTabBarViewController.h */ = {isa = PBXFileReference; fileEncoding = 4; lastKnownFileType = sourcecode.c.h; path = XMTabBarViewController.h; sourceTree = "<group>"; };
		BA47EAD21F010ADD00B7F2AE /* XMTabBarViewController.m */ = {isa = PBXFileReference; fileEncoding = 4; lastKnownFileType = sourcecode.c.objc; path = XMTabBarViewController.m; sourceTree = "<group>"; };
		BA47EAE01F010B4F00B7F2AE /* XMMoodViewController.h */ = {isa = PBXFileReference; fileEncoding = 4; lastKnownFileType = sourcecode.c.h; path = XMMoodViewController.h; sourceTree = "<group>"; };
		BA47EAE11F010B4F00B7F2AE /* XMMoodViewController.m */ = {isa = PBXFileReference; fileEncoding = 4; lastKnownFileType = sourcecode.c.objc; path = XMMoodViewController.m; sourceTree = "<group>"; };
		BA496C701F78896F00D4CE41 /* Assets.xcassets */ = {isa = PBXFileReference; lastKnownFileType = folder.assetcatalog; path = Assets.xcassets; sourceTree = "<group>"; };
		BA5B60351F74B85D0093CE1D /* XMLoveCell.h */ = {isa = PBXFileReference; fileEncoding = 4; lastKnownFileType = sourcecode.c.h; path = XMLoveCell.h; sourceTree = "<group>"; };
		BA5B60361F74B85D0093CE1D /* XMLoveCell.m */ = {isa = PBXFileReference; fileEncoding = 4; lastKnownFileType = sourcecode.c.objc; path = XMLoveCell.m; sourceTree = "<group>"; };
		BA6411281F8B00D200D49C25 /* AFHTTPSessionManager.h */ = {isa = PBXFileReference; fileEncoding = 4; lastKnownFileType = sourcecode.c.h; path = AFHTTPSessionManager.h; sourceTree = "<group>"; };
		BA6411291F8B00D200D49C25 /* AFHTTPSessionManager.m */ = {isa = PBXFileReference; fileEncoding = 4; lastKnownFileType = sourcecode.c.objc; path = AFHTTPSessionManager.m; sourceTree = "<group>"; };
		BA64112A1F8B00D200D49C25 /* AFNetworking.h */ = {isa = PBXFileReference; fileEncoding = 4; lastKnownFileType = sourcecode.c.h; path = AFNetworking.h; sourceTree = "<group>"; };
		BA64112B1F8B00D200D49C25 /* AFNetworkReachabilityManager.h */ = {isa = PBXFileReference; fileEncoding = 4; lastKnownFileType = sourcecode.c.h; path = AFNetworkReachabilityManager.h; sourceTree = "<group>"; };
		BA64112C1F8B00D200D49C25 /* AFNetworkReachabilityManager.m */ = {isa = PBXFileReference; fileEncoding = 4; lastKnownFileType = sourcecode.c.objc; path = AFNetworkReachabilityManager.m; sourceTree = "<group>"; };
		BA64112D1F8B00D200D49C25 /* AFSecurityPolicy.h */ = {isa = PBXFileReference; fileEncoding = 4; lastKnownFileType = sourcecode.c.h; path = AFSecurityPolicy.h; sourceTree = "<group>"; };
		BA64112E1F8B00D200D49C25 /* AFSecurityPolicy.m */ = {isa = PBXFileReference; fileEncoding = 4; lastKnownFileType = sourcecode.c.objc; path = AFSecurityPolicy.m; sourceTree = "<group>"; };
		BA64112F1F8B00D200D49C25 /* AFURLRequestSerialization.h */ = {isa = PBXFileReference; fileEncoding = 4; lastKnownFileType = sourcecode.c.h; path = AFURLRequestSerialization.h; sourceTree = "<group>"; };
		BA6411301F8B00D200D49C25 /* AFURLRequestSerialization.m */ = {isa = PBXFileReference; fileEncoding = 4; lastKnownFileType = sourcecode.c.objc; path = AFURLRequestSerialization.m; sourceTree = "<group>"; };
		BA6411311F8B00D200D49C25 /* AFURLResponseSerialization.h */ = {isa = PBXFileReference; fileEncoding = 4; lastKnownFileType = sourcecode.c.h; path = AFURLResponseSerialization.h; sourceTree = "<group>"; };
		BA6411321F8B00D200D49C25 /* AFURLResponseSerialization.m */ = {isa = PBXFileReference; fileEncoding = 4; lastKnownFileType = sourcecode.c.objc; path = AFURLResponseSerialization.m; sourceTree = "<group>"; };
		BA6411331F8B00D200D49C25 /* AFURLSessionManager.h */ = {isa = PBXFileReference; fileEncoding = 4; lastKnownFileType = sourcecode.c.h; path = AFURLSessionManager.h; sourceTree = "<group>"; };
		BA6411341F8B00D200D49C25 /* AFURLSessionManager.m */ = {isa = PBXFileReference; fileEncoding = 4; lastKnownFileType = sourcecode.c.objc; path = AFURLSessionManager.m; sourceTree = "<group>"; };
		BA6411351F8B00D200D49C25 /* LICENSE */ = {isa = PBXFileReference; fileEncoding = 4; lastKnownFileType = text; path = LICENSE; sourceTree = "<group>"; };
		BA6411361F8B00D200D49C25 /* README.md */ = {isa = PBXFileReference; fileEncoding = 4; lastKnownFileType = net.daringfireball.markdown; path = README.md; sourceTree = "<group>"; };
		BA6411381F8B00D200D49C25 /* AFAutoPurgingImageCache.h */ = {isa = PBXFileReference; fileEncoding = 4; lastKnownFileType = sourcecode.c.h; path = AFAutoPurgingImageCache.h; sourceTree = "<group>"; };
		BA6411391F8B00D200D49C25 /* AFAutoPurgingImageCache.m */ = {isa = PBXFileReference; fileEncoding = 4; lastKnownFileType = sourcecode.c.objc; path = AFAutoPurgingImageCache.m; sourceTree = "<group>"; };
		BA64113A1F8B00D200D49C25 /* AFImageDownloader.h */ = {isa = PBXFileReference; fileEncoding = 4; lastKnownFileType = sourcecode.c.h; path = AFImageDownloader.h; sourceTree = "<group>"; };
		BA64113B1F8B00D200D49C25 /* AFImageDownloader.m */ = {isa = PBXFileReference; fileEncoding = 4; lastKnownFileType = sourcecode.c.objc; path = AFImageDownloader.m; sourceTree = "<group>"; };
		BA64113C1F8B00D200D49C25 /* AFNetworkActivityIndicatorManager.h */ = {isa = PBXFileReference; fileEncoding = 4; lastKnownFileType = sourcecode.c.h; path = AFNetworkActivityIndicatorManager.h; sourceTree = "<group>"; };
		BA64113D1F8B00D200D49C25 /* AFNetworkActivityIndicatorManager.m */ = {isa = PBXFileReference; fileEncoding = 4; lastKnownFileType = sourcecode.c.objc; path = AFNetworkActivityIndicatorManager.m; sourceTree = "<group>"; };
		BA64113E1F8B00D200D49C25 /* UIActivityIndicatorView+AFNetworking.h */ = {isa = PBXFileReference; fileEncoding = 4; lastKnownFileType = sourcecode.c.h; path = "UIActivityIndicatorView+AFNetworking.h"; sourceTree = "<group>"; };
		BA64113F1F8B00D200D49C25 /* UIActivityIndicatorView+AFNetworking.m */ = {isa = PBXFileReference; fileEncoding = 4; lastKnownFileType = sourcecode.c.objc; path = "UIActivityIndicatorView+AFNetworking.m"; sourceTree = "<group>"; };
		BA6411401F8B00D200D49C25 /* UIButton+AFNetworking.h */ = {isa = PBXFileReference; fileEncoding = 4; lastKnownFileType = sourcecode.c.h; path = "UIButton+AFNetworking.h"; sourceTree = "<group>"; };
		BA6411411F8B00D200D49C25 /* UIButton+AFNetworking.m */ = {isa = PBXFileReference; fileEncoding = 4; lastKnownFileType = sourcecode.c.objc; path = "UIButton+AFNetworking.m"; sourceTree = "<group>"; };
		BA6411421F8B00D200D49C25 /* UIImage+AFNetworking.h */ = {isa = PBXFileReference; fileEncoding = 4; lastKnownFileType = sourcecode.c.h; path = "UIImage+AFNetworking.h"; sourceTree = "<group>"; };
		BA6411431F8B00D200D49C25 /* UIImageView+AFNetworking.h */ = {isa = PBXFileReference; fileEncoding = 4; lastKnownFileType = sourcecode.c.h; path = "UIImageView+AFNetworking.h"; sourceTree = "<group>"; };
		BA6411441F8B00D200D49C25 /* UIImageView+AFNetworking.m */ = {isa = PBXFileReference; fileEncoding = 4; lastKnownFileType = sourcecode.c.objc; path = "UIImageView+AFNetworking.m"; sourceTree = "<group>"; };
		BA6411451F8B00D200D49C25 /* UIKit+AFNetworking.h */ = {isa = PBXFileReference; fileEncoding = 4; lastKnownFileType = sourcecode.c.h; path = "UIKit+AFNetworking.h"; sourceTree = "<group>"; };
		BA6411461F8B00D200D49C25 /* UIProgressView+AFNetworking.h */ = {isa = PBXFileReference; fileEncoding = 4; lastKnownFileType = sourcecode.c.h; path = "UIProgressView+AFNetworking.h"; sourceTree = "<group>"; };
		BA6411471F8B00D200D49C25 /* UIProgressView+AFNetworking.m */ = {isa = PBXFileReference; fileEncoding = 4; lastKnownFileType = sourcecode.c.objc; path = "UIProgressView+AFNetworking.m"; sourceTree = "<group>"; };
		BA6411481F8B00D200D49C25 /* UIRefreshControl+AFNetworking.h */ = {isa = PBXFileReference; fileEncoding = 4; lastKnownFileType = sourcecode.c.h; path = "UIRefreshControl+AFNetworking.h"; sourceTree = "<group>"; };
		BA6411491F8B00D200D49C25 /* UIRefreshControl+AFNetworking.m */ = {isa = PBXFileReference; fileEncoding = 4; lastKnownFileType = sourcecode.c.objc; path = "UIRefreshControl+AFNetworking.m"; sourceTree = "<group>"; };
		BA64114A1F8B00D200D49C25 /* UIWebView+AFNetworking.h */ = {isa = PBXFileReference; fileEncoding = 4; lastKnownFileType = sourcecode.c.h; path = "UIWebView+AFNetworking.h"; sourceTree = "<group>"; };
		BA64114B1F8B00D200D49C25 /* UIWebView+AFNetworking.m */ = {isa = PBXFileReference; fileEncoding = 4; lastKnownFileType = sourcecode.c.objc; path = "UIWebView+AFNetworking.m"; sourceTree = "<group>"; };
		BA656A3C1F7F2E6A004451CB /* XMMineViewController.h */ = {isa = PBXFileReference; fileEncoding = 4; lastKnownFileType = sourcecode.c.h; path = XMMineViewController.h; sourceTree = "<group>"; };
		BA656A3D1F7F2E6A004451CB /* XMMineViewController.m */ = {isa = PBXFileReference; fileEncoding = 4; lastKnownFileType = sourcecode.c.objc; path = XMMineViewController.m; sourceTree = "<group>"; };
		BA656A3F1F7F2FE3004451CB /* XMNavbarView.h */ = {isa = PBXFileReference; fileEncoding = 4; lastKnownFileType = sourcecode.c.h; path = XMNavbarView.h; sourceTree = "<group>"; };
		BA656A401F7F2FE3004451CB /* XMNavbarView.m */ = {isa = PBXFileReference; fileEncoding = 4; lastKnownFileType = sourcecode.c.objc; path = XMNavbarView.m; sourceTree = "<group>"; };
		BA656A431F7F3B53004451CB /* UIViewController+XMViewController.h */ = {isa = PBXFileReference; fileEncoding = 4; lastKnownFileType = sourcecode.c.h; path = "UIViewController+XMViewController.h"; sourceTree = "<group>"; };
		BA656A441F7F3B53004451CB /* UIViewController+XMViewController.m */ = {isa = PBXFileReference; fileEncoding = 4; lastKnownFileType = sourcecode.c.objc; path = "UIViewController+XMViewController.m"; sourceTree = "<group>"; };
		BA656A4D1F7F463D004451CB /* XMMoodwallViewController.h */ = {isa = PBXFileReference; fileEncoding = 4; lastKnownFileType = sourcecode.c.h; path = XMMoodwallViewController.h; sourceTree = "<group>"; };
		BA656A4E1F7F463D004451CB /* XMMoodwallViewController.m */ = {isa = PBXFileReference; fileEncoding = 4; lastKnownFileType = sourcecode.c.objc; path = XMMoodwallViewController.m; sourceTree = "<group>"; };
		BA656A501F7F4D22004451CB /* XMMoodwallModel.h */ = {isa = PBXFileReference; fileEncoding = 4; lastKnownFileType = sourcecode.c.h; path = XMMoodwallModel.h; sourceTree = "<group>"; };
		BA656A511F7F4D22004451CB /* XMMoodwallModel.m */ = {isa = PBXFileReference; fileEncoding = 4; lastKnownFileType = sourcecode.c.objc; path = XMMoodwallModel.m; sourceTree = "<group>"; };
		BA656A561F7F6E61004451CB /* XMMoodwallCell.h */ = {isa = PBXFileReference; fileEncoding = 4; lastKnownFileType = sourcecode.c.h; path = XMMoodwallCell.h; sourceTree = "<group>"; };
		BA656A571F7F6E61004451CB /* XMMoodwallCell.m */ = {isa = PBXFileReference; fileEncoding = 4; lastKnownFileType = sourcecode.c.objc; path = XMMoodwallCell.m; sourceTree = "<group>"; };
		BA8A626E1F0B7647001B4E8D /* XMFMDBManager.h */ = {isa = PBXFileReference; fileEncoding = 4; lastKnownFileType = sourcecode.c.h; path = XMFMDBManager.h; sourceTree = "<group>"; };
		BA8A626F1F0B7647001B4E8D /* XMFMDBManager.m */ = {isa = PBXFileReference; fileEncoding = 4; lastKnownFileType = sourcecode.c.objc; path = XMFMDBManager.m; sourceTree = "<group>"; };
		BA8A62711F0B7A0B001B4E8D /* XMLoveModel.h */ = {isa = PBXFileReference; fileEncoding = 4; lastKnownFileType = sourcecode.c.h; path = XMLoveModel.h; sourceTree = "<group>"; };
		BA8A62721F0B7A0B001B4E8D /* XMLoveModel.m */ = {isa = PBXFileReference; fileEncoding = 4; lastKnownFileType = sourcecode.c.objc; path = XMLoveModel.m; sourceTree = "<group>"; };
		BAB5FB8C1F905B24001C48DB /* WXZTipView.h */ = {isa = PBXFileReference; fileEncoding = 4; lastKnownFileType = sourcecode.c.h; path = WXZTipView.h; sourceTree = "<group>"; };
		BAB5FB8D1F905B24001C48DB /* WXZTipView.m */ = {isa = PBXFileReference; fileEncoding = 4; lastKnownFileType = sourcecode.c.objc; path = WXZTipView.m; sourceTree = "<group>"; };
		BAB5FB8F1F905F21001C48DB /* XMAlertView.h */ = {isa = PBXFileReference; fileEncoding = 4; lastKnownFileType = sourcecode.c.h; path = XMAlertView.h; sourceTree = "<group>"; };
		BAB5FB901F905F21001C48DB /* XMAlertView.m */ = {isa = PBXFileReference; fileEncoding = 4; lastKnownFileType = sourcecode.c.objc; path = XMAlertView.m; sourceTree = "<group>"; };
/* End PBXFileReference section */

/* Begin PBXFrameworksBuildPhase section */
		BA47EA971F0109CD00B7F2AE /* Frameworks */ = {
			isa = PBXFrameworksBuildPhase;
			buildActionMask = 2147483647;
			files = (
				BA132D161F035C25002BD39B /* libsqlite3.tbd in Frameworks */,
			);
			runOnlyForDeploymentPostprocessing = 0;
		};
		BA47EAAA1F0109CD00B7F2AE /* Frameworks */ = {
			isa = PBXFrameworksBuildPhase;
			buildActionMask = 2147483647;
			files = (
			);
			runOnlyForDeploymentPostprocessing = 0;
		};
		BA47EAB51F0109CD00B7F2AE /* Frameworks */ = {
			isa = PBXFrameworksBuildPhase;
			buildActionMask = 2147483647;
			files = (
			);
			runOnlyForDeploymentPostprocessing = 0;
		};
/* End PBXFrameworksBuildPhase section */

/* Begin PBXGroup section */
		BA132CB51F034D50002BD39B /* MJRefresh */ = {
			isa = PBXGroup;
			children = (
				BA132CB61F034D50002BD39B /* LICENSE */,
				BA132CB71F034D50002BD39B /* MJRefresh */,
				BA132CE61F034D50002BD39B /* README.md */,
			);
			path = MJRefresh;
			sourceTree = "<group>";
		};
		BA132CB71F034D50002BD39B /* MJRefresh */ = {
			isa = PBXGroup;
			children = (
				BA132CB81F034D50002BD39B /* Base */,
				BA132CC31F034D50002BD39B /* Custom */,
				BA132CDA1F034D50002BD39B /* MJRefresh.bundle */,
				BA132CDB1F034D50002BD39B /* MJRefresh.h */,
				BA132CDC1F034D50002BD39B /* MJRefreshConst.h */,
				BA132CDD1F034D50002BD39B /* MJRefreshConst.m */,
				BA132CDE1F034D50002BD39B /* NSBundle+MJRefresh.h */,
				BA132CDF1F034D50002BD39B /* NSBundle+MJRefresh.m */,
				BA132CE01F034D50002BD39B /* UIScrollView+MJExtension.h */,
				BA132CE11F034D50002BD39B /* UIScrollView+MJExtension.m */,
				BA132CE21F034D50002BD39B /* UIScrollView+MJRefresh.h */,
				BA132CE31F034D50002BD39B /* UIScrollView+MJRefresh.m */,
				BA132CE41F034D50002BD39B /* UIView+MJExtension.h */,
				BA132CE51F034D50002BD39B /* UIView+MJExtension.m */,
			);
			path = MJRefresh;
			sourceTree = "<group>";
		};
		BA132CB81F034D50002BD39B /* Base */ = {
			isa = PBXGroup;
			children = (
				BA132CB91F034D50002BD39B /* MJRefreshAutoFooter.h */,
				BA132CBA1F034D50002BD39B /* MJRefreshAutoFooter.m */,
				BA132CBB1F034D50002BD39B /* MJRefreshBackFooter.h */,
				BA132CBC1F034D50002BD39B /* MJRefreshBackFooter.m */,
				BA132CBD1F034D50002BD39B /* MJRefreshComponent.h */,
				BA132CBE1F034D50002BD39B /* MJRefreshComponent.m */,
				BA132CBF1F034D50002BD39B /* MJRefreshFooter.h */,
				BA132CC01F034D50002BD39B /* MJRefreshFooter.m */,
				BA132CC11F034D50002BD39B /* MJRefreshHeader.h */,
				BA132CC21F034D50002BD39B /* MJRefreshHeader.m */,
			);
			path = Base;
			sourceTree = "<group>";
		};
		BA132CC31F034D50002BD39B /* Custom */ = {
			isa = PBXGroup;
			children = (
				BA132CC41F034D50002BD39B /* Footer */,
				BA132CD31F034D50002BD39B /* Header */,
			);
			path = Custom;
			sourceTree = "<group>";
		};
		BA132CC41F034D50002BD39B /* Footer */ = {
			isa = PBXGroup;
			children = (
				BA132CC51F034D50002BD39B /* Auto */,
				BA132CCC1F034D50002BD39B /* Back */,
			);
			path = Footer;
			sourceTree = "<group>";
		};
		BA132CC51F034D50002BD39B /* Auto */ = {
			isa = PBXGroup;
			children = (
				BA132CC61F034D50002BD39B /* MJRefreshAutoGifFooter.h */,
				BA132CC71F034D50002BD39B /* MJRefreshAutoGifFooter.m */,
				BA132CC81F034D50002BD39B /* MJRefreshAutoNormalFooter.h */,
				BA132CC91F034D50002BD39B /* MJRefreshAutoNormalFooter.m */,
				BA132CCA1F034D50002BD39B /* MJRefreshAutoStateFooter.h */,
				BA132CCB1F034D50002BD39B /* MJRefreshAutoStateFooter.m */,
			);
			path = Auto;
			sourceTree = "<group>";
		};
		BA132CCC1F034D50002BD39B /* Back */ = {
			isa = PBXGroup;
			children = (
				BA132CCD1F034D50002BD39B /* MJRefreshBackGifFooter.h */,
				BA132CCE1F034D50002BD39B /* MJRefreshBackGifFooter.m */,
				BA132CCF1F034D50002BD39B /* MJRefreshBackNormalFooter.h */,
				BA132CD01F034D50002BD39B /* MJRefreshBackNormalFooter.m */,
				BA132CD11F034D50002BD39B /* MJRefreshBackStateFooter.h */,
				BA132CD21F034D50002BD39B /* MJRefreshBackStateFooter.m */,
			);
			path = Back;
			sourceTree = "<group>";
		};
		BA132CD31F034D50002BD39B /* Header */ = {
			isa = PBXGroup;
			children = (
				BA132CD41F034D50002BD39B /* MJRefreshGifHeader.h */,
				BA132CD51F034D50002BD39B /* MJRefreshGifHeader.m */,
				BA132CD61F034D50002BD39B /* MJRefreshNormalHeader.h */,
				BA132CD71F034D50002BD39B /* MJRefreshNormalHeader.m */,
				BA132CD81F034D50002BD39B /* MJRefreshStateHeader.h */,
				BA132CD91F034D50002BD39B /* MJRefreshStateHeader.m */,
			);
			path = Header;
			sourceTree = "<group>";
		};
		BA132CFD1F035BC9002BD39B /* FMDB */ = {
			isa = PBXGroup;
			children = (
				BA132CFE1F035BC9002BD39B /* LICENSE.txt */,
				BA132CFF1F035BC9002BD39B /* README.markdown */,
				BA132D001F035BC9002BD39B /* src */,
			);
			path = FMDB;
			sourceTree = "<group>";
		};
		BA132D001F035BC9002BD39B /* src */ = {
			isa = PBXGroup;
			children = (
				BA132D011F035BC9002BD39B /* fmdb */,
			);
			path = src;
			sourceTree = "<group>";
		};
		BA132D011F035BC9002BD39B /* fmdb */ = {
			isa = PBXGroup;
			children = (
				BA132D021F035BC9002BD39B /* FMDatabase.h */,
				BA132D031F035BC9002BD39B /* FMDatabase.m */,
				BA132D041F035BC9002BD39B /* FMDatabaseAdditions.h */,
				BA132D051F035BC9002BD39B /* FMDatabaseAdditions.m */,
				BA132D061F035BC9002BD39B /* FMDatabasePool.h */,
				BA132D071F035BC9002BD39B /* FMDatabasePool.m */,
				BA132D081F035BC9002BD39B /* FMDatabaseQueue.h */,
				BA132D091F035BC9002BD39B /* FMDatabaseQueue.m */,
				BA132D0A1F035BC9002BD39B /* FMDB.h */,
				BA132D0B1F035BC9002BD39B /* FMResultSet.h */,
				BA132D0C1F035BC9002BD39B /* FMResultSet.m */,
			);
			path = fmdb;
			sourceTree = "<group>";
		};
		BA132D141F035BFE002BD39B /* Frameworks */ = {
			isa = PBXGroup;
			children = (
				BA132D151F035C25002BD39B /* libsqlite3.tbd */,
			);
			path = Frameworks;
			sourceTree = "<group>";
		};
		BA163C7D1F0245F500FE64FD /* SDWebImage */ = {
			isa = PBXGroup;
			children = (
				BA163C7E1F0245F500FE64FD /* LICENSE */,
				BA163C7F1F0245F500FE64FD /* README.md */,
				BA163C801F0245F500FE64FD /* SDWebImage */,
			);
			path = SDWebImage;
			sourceTree = "<group>";
		};
		BA163C801F0245F500FE64FD /* SDWebImage */ = {
			isa = PBXGroup;
			children = (
				BA163C811F0245F500FE64FD /* NSData+ImageContentType.h */,
				BA163C821F0245F500FE64FD /* NSData+ImageContentType.m */,
				BA163C831F0245F500FE64FD /* SDImageCache.h */,
				BA163C841F0245F500FE64FD /* SDImageCache.m */,
				BA163C851F0245F500FE64FD /* SDWebImageCompat.h */,
				BA163C861F0245F500FE64FD /* SDWebImageCompat.m */,
				BA163C871F0245F500FE64FD /* SDWebImageDecoder.h */,
				BA163C881F0245F500FE64FD /* SDWebImageDecoder.m */,
				BA163C891F0245F500FE64FD /* SDWebImageDownloader.h */,
				BA163C8A1F0245F500FE64FD /* SDWebImageDownloader.m */,
				BA163C8B1F0245F500FE64FD /* SDWebImageDownloaderOperation.h */,
				BA163C8C1F0245F500FE64FD /* SDWebImageDownloaderOperation.m */,
				BA163C8D1F0245F500FE64FD /* SDWebImageManager.h */,
				BA163C8E1F0245F500FE64FD /* SDWebImageManager.m */,
				BA163C8F1F0245F500FE64FD /* SDWebImageOperation.h */,
				BA163C901F0245F500FE64FD /* SDWebImagePrefetcher.h */,
				BA163C911F0245F500FE64FD /* SDWebImagePrefetcher.m */,
				BA163C921F0245F500FE64FD /* UIButton+WebCache.h */,
				BA163C931F0245F500FE64FD /* UIButton+WebCache.m */,
				BA163C941F0245F500FE64FD /* UIImage+GIF.h */,
				BA163C951F0245F500FE64FD /* UIImage+GIF.m */,
				BA163C961F0245F500FE64FD /* UIImage+MultiFormat.h */,
				BA163C971F0245F500FE64FD /* UIImage+MultiFormat.m */,
				BA163C981F0245F500FE64FD /* UIImageView+HighlightedWebCache.h */,
				BA163C991F0245F500FE64FD /* UIImageView+HighlightedWebCache.m */,
				BA163C9A1F0245F500FE64FD /* UIImageView+WebCache.h */,
				BA163C9B1F0245F500FE64FD /* UIImageView+WebCache.m */,
				BA163C9C1F0245F500FE64FD /* UIView+WebCacheOperation.h */,
				BA163C9D1F0245F500FE64FD /* UIView+WebCacheOperation.m */,
			);
			path = SDWebImage;
			sourceTree = "<group>";
		};
		BA47EA911F0109CD00B7F2AE = {
			isa = PBXGroup;
			children = (
				BA132D141F035BFE002BD39B /* Frameworks */,
				BA47EA9C1F0109CD00B7F2AE /* XMMood */,
				BA47EAB01F0109CD00B7F2AE /* XMMoodTests */,
				BA47EABB1F0109CD00B7F2AE /* XMMoodUITests */,
				BA47EA9B1F0109CD00B7F2AE /* Products */,
			);
			sourceTree = "<group>";
		};
		BA47EA9B1F0109CD00B7F2AE /* Products */ = {
			isa = PBXGroup;
			children = (
				BA47EA9A1F0109CD00B7F2AE /* XMMood.app */,
				BA47EAAD1F0109CD00B7F2AE /* XMMoodTests.xctest */,
				BA47EAB81F0109CD00B7F2AE /* XMMoodUITests.xctest */,
			);
			name = Products;
			sourceTree = "<group>";
		};
		BA47EA9C1F0109CD00B7F2AE /* XMMood */ = {
			isa = PBXGroup;
			children = (
				BA47EACA1F0109E400B7F2AE /* AppDelegate */,
				BA47EACC1F0109E400B7F2AE /* Generals */,
				BA47EACD1F0109E400B7F2AE /* Helpers */,
				BA47EACE1F0109E400B7F2AE /* Resource */,
				BA47EACF1F0109E400B7F2AE /* Sections */,
				BA47EAD01F0109E400B7F2AE /* Vendors */,
				BA47EAA51F0109CD00B7F2AE /* LaunchScreen.storyboard */,
				BA496C701F78896F00D4CE41 /* Assets.xcassets */,
				BA47EAA81F0109CD00B7F2AE /* Info.plist */,
				BA47EA9D1F0109CD00B7F2AE /* Supporting Files */,
			);
			path = XMMood;
			sourceTree = "<group>";
		};
		BA47EA9D1F0109CD00B7F2AE /* Supporting Files */ = {
			isa = PBXGroup;
			children = (
				BA47EA9E1F0109CD00B7F2AE /* main.m */,
			);
			name = "Supporting Files";
			sourceTree = "<group>";
		};
		BA47EAB01F0109CD00B7F2AE /* XMMoodTests */ = {
			isa = PBXGroup;
			children = (
				BA47EAB11F0109CD00B7F2AE /* XMMoodTests.m */,
				BA47EAB31F0109CD00B7F2AE /* Info.plist */,
			);
			path = XMMoodTests;
			sourceTree = "<group>";
		};
		BA47EABB1F0109CD00B7F2AE /* XMMoodUITests */ = {
			isa = PBXGroup;
			children = (
				BA47EABC1F0109CD00B7F2AE /* XMMoodUITests.m */,
				BA47EABE1F0109CD00B7F2AE /* Info.plist */,
			);
			path = XMMoodUITests;
			sourceTree = "<group>";
		};
		BA47EACA1F0109E400B7F2AE /* AppDelegate */ = {
			isa = PBXGroup;
			children = (
				BA47EAA01F0109CD00B7F2AE /* AppDelegate.h */,
				BA47EAA11F0109CD00B7F2AE /* AppDelegate.m */,
				BA163C391F01FEB900FE64FD /* XMPrefixHeader.pch */,
			);
			path = AppDelegate;
			sourceTree = "<group>";
		};
		BA47EACC1F0109E400B7F2AE /* Generals */ = {
			isa = PBXGroup;
			children = (
				BA47EAD11F010ADD00B7F2AE /* XMTabBarViewController.h */,
				BA47EAD21F010ADD00B7F2AE /* XMTabBarViewController.m */,
			);
			path = Generals;
			sourceTree = "<group>";
		};
		BA47EACD1F0109E400B7F2AE /* Helpers */ = {
			isa = PBXGroup;
			children = (
				BA163C401F0230D800FE64FD /* XMHttpManager.h */,
				BA163C411F0230D800FE64FD /* XMHttpManager.m */,
				BA163C7A1F02433E00FE64FD /* UIView+XMAdd.h */,
				BA163C7B1F02433E00FE64FD /* UIView+XMAdd.m */,
				BA163CAE1F025CFE00FE64FD /* NSString+XMAdd.h */,
				BA163CAF1F025CFE00FE64FD /* NSString+XMAdd.m */,
				BA132D201F039922002BD39B /* XMManager.h */,
				BA132D211F039922002BD39B /* XMManager.m */,
				BA656A431F7F3B53004451CB /* UIViewController+XMViewController.h */,
				BA656A441F7F3B53004451CB /* UIViewController+XMViewController.m */,
			);
			path = Helpers;
			sourceTree = "<group>";
		};
		BA47EACE1F0109E400B7F2AE /* Resource */ = {
			isa = PBXGroup;
			children = (
			);
			path = Resource;
			sourceTree = "<group>";
		};
		BA47EACF1F0109E400B7F2AE /* Sections */ = {
			isa = PBXGroup;
			children = (
				BA656A491F7F4622004451CB /* Moodwall */,
				BA656A381F7F2E26004451CB /* personal */,
				BA47EAD41F010B0300B7F2AE /* Mood */,
				BA47EADC1F010B3400B7F2AE /* setting */,
				BA47EAD81F010B1E00B7F2AE /* love */,
			);
			path = Sections;
			sourceTree = "<group>";
		};
		BA47EAD01F0109E400B7F2AE /* Vendors */ = {
			isa = PBXGroup;
			children = (
				BAB5FB8B1F905B24001C48DB /* Tip */,
				BA6411261F8B00D200D49C25 /* AFNetworking */,
				BA132CFD1F035BC9002BD39B /* FMDB */,
				BA132CB51F034D50002BD39B /* MJRefresh */,
				BA163C7D1F0245F500FE64FD /* SDWebImage */,
			);
			path = Vendors;
			sourceTree = "<group>";
		};
		BA47EAD41F010B0300B7F2AE /* Mood */ = {
			isa = PBXGroup;
			children = (
				BA47EAD51F010B0300B7F2AE /* Controllers */,
				BA47EAD61F010B0300B7F2AE /* Models */,
				BA47EAD71F010B0300B7F2AE /* Views */,
			);
			path = Mood;
			sourceTree = "<group>";
		};
		BA47EAD51F010B0300B7F2AE /* Controllers */ = {
			isa = PBXGroup;
			children = (
				BA47EAE01F010B4F00B7F2AE /* XMMoodViewController.h */,
				BA47EAE11F010B4F00B7F2AE /* XMMoodViewController.m */,
			);
			path = Controllers;
			sourceTree = "<group>";
		};
		BA47EAD61F010B0300B7F2AE /* Models */ = {
			isa = PBXGroup;
			children = (
				BA163C3D1F022E6F00FE64FD /* XMMoodModel.h */,
				BA163C3E1F022E6F00FE64FD /* XMMoodModel.m */,
			);
			path = Models;
			sourceTree = "<group>";
		};
		BA47EAD71F010B0300B7F2AE /* Views */ = {
			isa = PBXGroup;
			children = (
				BA163C3A1F022E4C00FE64FD /* XMMoodCell.h */,
				BA163C3B1F022E4C00FE64FD /* XMMoodCell.m */,
			);
			path = Views;
			sourceTree = "<group>";
		};
		BA47EAD81F010B1E00B7F2AE /* love */ = {
			isa = PBXGroup;
			children = (
				BA47EAD91F010B1E00B7F2AE /* Controllers */,
				BA47EADA1F010B1E00B7F2AE /* Models */,
				BA47EADB1F010B1E00B7F2AE /* Views */,
			);
			path = love;
			sourceTree = "<group>";
		};
		BA47EAD91F010B1E00B7F2AE /* Controllers */ = {
			isa = PBXGroup;
			children = (
				BA132CB21F034435002BD39B /* XMLoveViewController.h */,
				BA132CB31F034435002BD39B /* XMLoveViewController.m */,
			);
			path = Controllers;
			sourceTree = "<group>";
		};
		BA47EADA1F010B1E00B7F2AE /* Models */ = {
			isa = PBXGroup;
			children = (
				BA8A626E1F0B7647001B4E8D /* XMFMDBManager.h */,
				BA8A626F1F0B7647001B4E8D /* XMFMDBManager.m */,
				BA8A62711F0B7A0B001B4E8D /* XMLoveModel.h */,
				BA8A62721F0B7A0B001B4E8D /* XMLoveModel.m */,
			);
			path = Models;
			sourceTree = "<group>";
		};
		BA47EADB1F010B1E00B7F2AE /* Views */ = {
			isa = PBXGroup;
			children = (
				BA5B60351F74B85D0093CE1D /* XMLoveCell.h */,
				BA5B60361F74B85D0093CE1D /* XMLoveCell.m */,
			);
			path = Views;
			sourceTree = "<group>";
		};
		BA47EADC1F010B3400B7F2AE /* setting */ = {
			isa = PBXGroup;
			children = (
				BA47EADD1F010B3400B7F2AE /* Controllers */,
				BA47EADE1F010B3400B7F2AE /* Models */,
				BA47EADF1F010B3400B7F2AE /* Views */,
			);
			path = setting;
			sourceTree = "<group>";
		};
		BA47EADD1F010B3400B7F2AE /* Controllers */ = {
			isa = PBXGroup;
			children = (
				BA132CAF1F034429002BD39B /* XMSettingViewController.h */,
				BA132CB01F034429002BD39B /* XMSettingViewController.m */,
				BA132D1A1F03841D002BD39B /* XMSetFontViewController.h */,
				BA132D1B1F03841D002BD39B /* XMSetFontViewController.m */,
			);
			path = Controllers;
			sourceTree = "<group>";
		};
		BA47EADE1F010B3400B7F2AE /* Models */ = {
			isa = PBXGroup;
			children = (
			);
			path = Models;
			sourceTree = "<group>";
		};
		BA47EADF1F010B3400B7F2AE /* Views */ = {
			isa = PBXGroup;
			children = (
				BA132D171F036077002BD39B /* XMSettingCell.h */,
				BA132D181F036077002BD39B /* XMSettingCell.m */,
				BA132D1D1F03856E002BD39B /* XMSetFontCell.h */,
				BA132D1E1F03856E002BD39B /* XMSetFontCell.m */,
			);
			path = Views;
			sourceTree = "<group>";
		};
		BA6411261F8B00D200D49C25 /* AFNetworking */ = {
			isa = PBXGroup;
			children = (
				BA6411271F8B00D200D49C25 /* AFNetworking */,
				BA6411351F8B00D200D49C25 /* LICENSE */,
				BA6411361F8B00D200D49C25 /* README.md */,
				BA6411371F8B00D200D49C25 /* UIKit+AFNetworking */,
			);
			path = AFNetworking;
			sourceTree = "<group>";
		};
		BA6411271F8B00D200D49C25 /* AFNetworking */ = {
			isa = PBXGroup;
			children = (
				BA6411281F8B00D200D49C25 /* AFHTTPSessionManager.h */,
				BA6411291F8B00D200D49C25 /* AFHTTPSessionManager.m */,
				BA64112A1F8B00D200D49C25 /* AFNetworking.h */,
				BA64112B1F8B00D200D49C25 /* AFNetworkReachabilityManager.h */,
				BA64112C1F8B00D200D49C25 /* AFNetworkReachabilityManager.m */,
				BA64112D1F8B00D200D49C25 /* AFSecurityPolicy.h */,
				BA64112E1F8B00D200D49C25 /* AFSecurityPolicy.m */,
				BA64112F1F8B00D200D49C25 /* AFURLRequestSerialization.h */,
				BA6411301F8B00D200D49C25 /* AFURLRequestSerialization.m */,
				BA6411311F8B00D200D49C25 /* AFURLResponseSerialization.h */,
				BA6411321F8B00D200D49C25 /* AFURLResponseSerialization.m */,
				BA6411331F8B00D200D49C25 /* AFURLSessionManager.h */,
				BA6411341F8B00D200D49C25 /* AFURLSessionManager.m */,
			);
			path = AFNetworking;
			sourceTree = "<group>";
		};
		BA6411371F8B00D200D49C25 /* UIKit+AFNetworking */ = {
			isa = PBXGroup;
			children = (
				BA6411381F8B00D200D49C25 /* AFAutoPurgingImageCache.h */,
				BA6411391F8B00D200D49C25 /* AFAutoPurgingImageCache.m */,
				BA64113A1F8B00D200D49C25 /* AFImageDownloader.h */,
				BA64113B1F8B00D200D49C25 /* AFImageDownloader.m */,
				BA64113C1F8B00D200D49C25 /* AFNetworkActivityIndicatorManager.h */,
				BA64113D1F8B00D200D49C25 /* AFNetworkActivityIndicatorManager.m */,
				BA64113E1F8B00D200D49C25 /* UIActivityIndicatorView+AFNetworking.h */,
				BA64113F1F8B00D200D49C25 /* UIActivityIndicatorView+AFNetworking.m */,
				BA6411401F8B00D200D49C25 /* UIButton+AFNetworking.h */,
				BA6411411F8B00D200D49C25 /* UIButton+AFNetworking.m */,
				BA6411421F8B00D200D49C25 /* UIImage+AFNetworking.h */,
				BA6411431F8B00D200D49C25 /* UIImageView+AFNetworking.h */,
				BA6411441F8B00D200D49C25 /* UIImageView+AFNetworking.m */,
				BA6411451F8B00D200D49C25 /* UIKit+AFNetworking.h */,
				BA6411461F8B00D200D49C25 /* UIProgressView+AFNetworking.h */,
				BA6411471F8B00D200D49C25 /* UIProgressView+AFNetworking.m */,
				BA6411481F8B00D200D49C25 /* UIRefreshControl+AFNetworking.h */,
				BA6411491F8B00D200D49C25 /* UIRefreshControl+AFNetworking.m */,
				BA64114A1F8B00D200D49C25 /* UIWebView+AFNetworking.h */,
				BA64114B1F8B00D200D49C25 /* UIWebView+AFNetworking.m */,
			);
			path = "UIKit+AFNetworking";
			sourceTree = "<group>";
		};
		BA656A381F7F2E26004451CB /* personal */ = {
			isa = PBXGroup;
			children = (
				BA656A391F7F2E26004451CB /* Controllers */,
				BA656A3A1F7F2E26004451CB /* Models */,
				BA656A3B1F7F2E26004451CB /* Views */,
			);
			path = personal;
			sourceTree = "<group>";
		};
		BA656A391F7F2E26004451CB /* Controllers */ = {
			isa = PBXGroup;
			children = (
				BA656A3C1F7F2E6A004451CB /* XMMineViewController.h */,
				BA656A3D1F7F2E6A004451CB /* XMMineViewController.m */,
			);
			path = Controllers;
			sourceTree = "<group>";
		};
		BA656A3A1F7F2E26004451CB /* Models */ = {
			isa = PBXGroup;
			children = (
			);
			path = Models;
			sourceTree = "<group>";
		};
		BA656A3B1F7F2E26004451CB /* Views */ = {
			isa = PBXGroup;
			children = (
				BA656A3F1F7F2FE3004451CB /* XMNavbarView.h */,
				BA656A401F7F2FE3004451CB /* XMNavbarView.m */,
			);
			path = Views;
			sourceTree = "<group>";
		};
		BA656A491F7F4622004451CB /* Moodwall */ = {
			isa = PBXGroup;
			children = (
				BA656A4A1F7F4622004451CB /* Controllers */,
				BA656A4B1F7F4622004451CB /* Models */,
				BA656A4C1F7F4622004451CB /* Views */,
			);
			path = Moodwall;
			sourceTree = "<group>";
		};
		BA656A4A1F7F4622004451CB /* Controllers */ = {
			isa = PBXGroup;
			children = (
				BA656A4D1F7F463D004451CB /* XMMoodwallViewController.h */,
				BA656A4E1F7F463D004451CB /* XMMoodwallViewController.m */,
			);
			path = Controllers;
			sourceTree = "<group>";
		};
		BA656A4B1F7F4622004451CB /* Models */ = {
			isa = PBXGroup;
			children = (
				BA656A501F7F4D22004451CB /* XMMoodwallModel.h */,
				BA656A511F7F4D22004451CB /* XMMoodwallModel.m */,
			);
			path = Models;
			sourceTree = "<group>";
		};
		BA656A4C1F7F4622004451CB /* Views */ = {
			isa = PBXGroup;
			children = (
				BA656A561F7F6E61004451CB /* XMMoodwallCell.h */,
				BA656A571F7F6E61004451CB /* XMMoodwallCell.m */,
				BAB5FB8F1F905F21001C48DB /* XMAlertView.h */,
				BAB5FB901F905F21001C48DB /* XMAlertView.m */,
			);
			path = Views;
			sourceTree = "<group>";
		};
		BAB5FB8B1F905B24001C48DB /* Tip */ = {
			isa = PBXGroup;
			children = (
				BAB5FB8C1F905B24001C48DB /* WXZTipView.h */,
				BAB5FB8D1F905B24001C48DB /* WXZTipView.m */,
			);
			path = Tip;
			sourceTree = "<group>";
		};
/* End PBXGroup section */

/* Begin PBXNativeTarget section */
		BA47EA991F0109CD00B7F2AE /* XMMood */ = {
			isa = PBXNativeTarget;
			buildConfigurationList = BA47EAC11F0109CD00B7F2AE /* Build configuration list for PBXNativeTarget "XMMood" */;
			buildPhases = (
				BA47EA961F0109CD00B7F2AE /* Sources */,
				BA47EA971F0109CD00B7F2AE /* Frameworks */,
				BA47EA981F0109CD00B7F2AE /* Resources */,
			);
			buildRules = (
			);
			dependencies = (
			);
			name = XMMood;
			productName = XMMood;
			productReference = BA47EA9A1F0109CD00B7F2AE /* XMMood.app */;
			productType = "com.apple.product-type.application";
		};
		BA47EAAC1F0109CD00B7F2AE /* XMMoodTests */ = {
			isa = PBXNativeTarget;
			buildConfigurationList = BA47EAC41F0109CD00B7F2AE /* Build configuration list for PBXNativeTarget "XMMoodTests" */;
			buildPhases = (
				BA47EAA91F0109CD00B7F2AE /* Sources */,
				BA47EAAA1F0109CD00B7F2AE /* Frameworks */,
				BA47EAAB1F0109CD00B7F2AE /* Resources */,
			);
			buildRules = (
			);
			dependencies = (
				BA47EAAF1F0109CD00B7F2AE /* PBXTargetDependency */,
			);
			name = XMMoodTests;
			productName = XMMoodTests;
			productReference = BA47EAAD1F0109CD00B7F2AE /* XMMoodTests.xctest */;
			productType = "com.apple.product-type.bundle.unit-test";
		};
		BA47EAB71F0109CD00B7F2AE /* XMMoodUITests */ = {
			isa = PBXNativeTarget;
			buildConfigurationList = BA47EAC71F0109CD00B7F2AE /* Build configuration list for PBXNativeTarget "XMMoodUITests" */;
			buildPhases = (
				BA47EAB41F0109CD00B7F2AE /* Sources */,
				BA47EAB51F0109CD00B7F2AE /* Frameworks */,
				BA47EAB61F0109CD00B7F2AE /* Resources */,
			);
			buildRules = (
			);
			dependencies = (
				BA47EABA1F0109CD00B7F2AE /* PBXTargetDependency */,
			);
			name = XMMoodUITests;
			productName = XMMoodUITests;
			productReference = BA47EAB81F0109CD00B7F2AE /* XMMoodUITests.xctest */;
			productType = "com.apple.product-type.bundle.ui-testing";
		};
/* End PBXNativeTarget section */

/* Begin PBXProject section */
		BA47EA921F0109CD00B7F2AE /* Project object */ = {
			isa = PBXProject;
			attributes = {
				LastUpgradeCheck = 0820;
				ORGANIZATIONNAME = "街路口等你";
				TargetAttributes = {
					BA47EA991F0109CD00B7F2AE = {
						CreatedOnToolsVersion = 8.2.1;
						DevelopmentTeam = V2PRMX9B5Z;
						ProvisioningStyle = Automatic;
					};
					BA47EAAC1F0109CD00B7F2AE = {
						CreatedOnToolsVersion = 8.2.1;
						ProvisioningStyle = Automatic;
						TestTargetID = BA47EA991F0109CD00B7F2AE;
					};
					BA47EAB71F0109CD00B7F2AE = {
						CreatedOnToolsVersion = 8.2.1;
						ProvisioningStyle = Automatic;
						TestTargetID = BA47EA991F0109CD00B7F2AE;
					};
				};
			};
			buildConfigurationList = BA47EA951F0109CD00B7F2AE /* Build configuration list for PBXProject "XMMood" */;
			compatibilityVersion = "Xcode 3.2";
			developmentRegion = English;
			hasScannedForEncodings = 0;
			knownRegions = (
				en,
				Base,
			);
			mainGroup = BA47EA911F0109CD00B7F2AE;
			productRefGroup = BA47EA9B1F0109CD00B7F2AE /* Products */;
			projectDirPath = "";
			projectRoot = "";
			targets = (
				BA47EA991F0109CD00B7F2AE /* XMMood */,
				BA47EAAC1F0109CD00B7F2AE /* XMMoodTests */,
				BA47EAB71F0109CD00B7F2AE /* XMMoodUITests */,
			);
		};
/* End PBXProject section */

/* Begin PBXResourcesBuildPhase section */
		BA47EA981F0109CD00B7F2AE /* Resources */ = {
			isa = PBXResourcesBuildPhase;
			buildActionMask = 2147483647;
			files = (
				BA132CF61F034D50002BD39B /* MJRefresh.bundle in Resources */,
				BA163C9E1F0245F500FE64FD /* LICENSE in Resources */,
				BA47EAA71F0109CD00B7F2AE /* LaunchScreen.storyboard in Resources */,
				BA6411521F8B00D200D49C25 /* LICENSE in Resources */,
				BA496C711F78896F00D4CE41 /* Assets.xcassets in Resources */,
				BA132CE71F034D50002BD39B /* LICENSE in Resources */,
				BA132D0D1F035BC9002BD39B /* LICENSE.txt in Resources */,
			);
			runOnlyForDeploymentPostprocessing = 0;
		};
		BA47EAAB1F0109CD00B7F2AE /* Resources */ = {
			isa = PBXResourcesBuildPhase;
			buildActionMask = 2147483647;
			files = (
			);
			runOnlyForDeploymentPostprocessing = 0;
		};
		BA47EAB61F0109CD00B7F2AE /* Resources */ = {
			isa = PBXResourcesBuildPhase;
			buildActionMask = 2147483647;
			files = (
			);
			runOnlyForDeploymentPostprocessing = 0;
		};
/* End PBXResourcesBuildPhase section */

/* Begin PBXSourcesBuildPhase section */
		BA47EA961F0109CD00B7F2AE /* Sources */ = {
			isa = PBXSourcesBuildPhase;
			buildActionMask = 2147483647;
			files = (
				BA656A521F7F4D22004451CB /* XMMoodwallModel.m in Sources */,
				BA6411591F8B00D200D49C25 /* UIImageView+AFNetworking.m in Sources */,
				BA64115B1F8B00D200D49C25 /* UIRefreshControl+AFNetworking.m in Sources */,
				BA6411541F8B00D200D49C25 /* AFAutoPurgingImageCache.m in Sources */,
				BA132CF01F034D50002BD39B /* MJRefreshBackGifFooter.m in Sources */,
				BA5B60371F74B85D0093CE1D /* XMLoveCell.m in Sources */,
				BA132CEC1F034D50002BD39B /* MJRefreshHeader.m in Sources */,
				BA132CEB1F034D50002BD39B /* MJRefreshFooter.m in Sources */,
				BA64114D1F8B00D200D49C25 /* AFNetworkReachabilityManager.m in Sources */,
				BA6411531F8B00D200D49C25 /* README.md in Sources */,
				BA132CFC1F034D50002BD39B /* README.md in Sources */,
				BA163CAD1F0245F500FE64FD /* UIView+WebCacheOperation.m in Sources */,
				BA163CA81F0245F500FE64FD /* UIButton+WebCache.m in Sources */,
				BA163CA61F0245F500FE64FD /* SDWebImageManager.m in Sources */,
				BA163CB01F025CFE00FE64FD /* NSString+XMAdd.m in Sources */,
				BA132CFA1F034D50002BD39B /* UIScrollView+MJRefresh.m in Sources */,
				BA132CED1F034D50002BD39B /* MJRefreshAutoGifFooter.m in Sources */,
				BA656A451F7F3B53004451CB /* UIViewController+XMViewController.m in Sources */,
				BA6411581F8B00D200D49C25 /* UIButton+AFNetworking.m in Sources */,
				BA132CF51F034D50002BD39B /* MJRefreshStateHeader.m in Sources */,
				BA132CE81F034D50002BD39B /* MJRefreshAutoFooter.m in Sources */,
				BA47EAE21F010B4F00B7F2AE /* XMMoodViewController.m in Sources */,
				BA132D221F039922002BD39B /* XMManager.m in Sources */,
				BA132D0F1F035BC9002BD39B /* FMDatabase.m in Sources */,
				BA47EAD31F010ADD00B7F2AE /* XMTabBarViewController.m in Sources */,
				BA132CEF1F034D50002BD39B /* MJRefreshAutoStateFooter.m in Sources */,
				BA132CEE1F034D50002BD39B /* MJRefreshAutoNormalFooter.m in Sources */,
				BA132D1C1F03841D002BD39B /* XMSetFontViewController.m in Sources */,
				BA656A3E1F7F2E6A004451CB /* XMMineViewController.m in Sources */,
				BA163CA41F0245F500FE64FD /* SDWebImageDownloader.m in Sources */,
				BA47EAA21F0109CD00B7F2AE /* AppDelegate.m in Sources */,
				BA163CA21F0245F500FE64FD /* SDWebImageCompat.m in Sources */,
				BA132CB11F034429002BD39B /* XMSettingViewController.m in Sources */,
				BA64114C1F8B00D200D49C25 /* AFHTTPSessionManager.m in Sources */,
				BAB5FB8E1F905B24001C48DB /* WXZTipView.m in Sources */,
				BA132CFB1F034D50002BD39B /* UIView+MJExtension.m in Sources */,
				BA163C3F1F022E6F00FE64FD /* XMMoodModel.m in Sources */,
				BA132CF21F034D50002BD39B /* MJRefreshBackStateFooter.m in Sources */,
				BA132CE91F034D50002BD39B /* MJRefreshBackFooter.m in Sources */,
				BA64115C1F8B00D200D49C25 /* UIWebView+AFNetworking.m in Sources */,
				BA163CAC1F0245F500FE64FD /* UIImageView+WebCache.m in Sources */,
				BA132CF31F034D50002BD39B /* MJRefreshGifHeader.m in Sources */,
				BA132D131F035BC9002BD39B /* FMResultSet.m in Sources */,
				BA8A62731F0B7A0B001B4E8D /* XMLoveModel.m in Sources */,
				BA163C3C1F022E4C00FE64FD /* XMMoodCell.m in Sources */,
				BA163CAB1F0245F500FE64FD /* UIImageView+HighlightedWebCache.m in Sources */,
				BA132D0E1F035BC9002BD39B /* README.markdown in Sources */,
				BA132D101F035BC9002BD39B /* FMDatabaseAdditions.m in Sources */,
				BA163CA11F0245F500FE64FD /* SDImageCache.m in Sources */,
				BA132D191F036077002BD39B /* XMSettingCell.m in Sources */,
				BA163CAA1F0245F500FE64FD /* UIImage+MultiFormat.m in Sources */,
				BA6411571F8B00D200D49C25 /* UIActivityIndicatorView+AFNetworking.m in Sources */,
				BA163CA51F0245F500FE64FD /* SDWebImageDownloaderOperation.m in Sources */,
				BA64115A1F8B00D200D49C25 /* UIProgressView+AFNetworking.m in Sources */,
				BA132CF91F034D50002BD39B /* UIScrollView+MJExtension.m in Sources */,
				BA163C7C1F02433E00FE64FD /* UIView+XMAdd.m in Sources */,
				BA163C9F1F0245F500FE64FD /* README.md in Sources */,
				BA163CA01F0245F500FE64FD /* NSData+ImageContentType.m in Sources */,
				BA132CF11F034D50002BD39B /* MJRefreshBackNormalFooter.m in Sources */,
				BA8A62701F0B7647001B4E8D /* XMFMDBManager.m in Sources */,
				BA132CF71F034D50002BD39B /* MJRefreshConst.m in Sources */,
				BA132D111F035BC9002BD39B /* FMDatabasePool.m in Sources */,
				BA132CEA1F034D50002BD39B /* MJRefreshComponent.m in Sources */,
				BA6411501F8B00D200D49C25 /* AFURLResponseSerialization.m in Sources */,
				BA6411551F8B00D200D49C25 /* AFImageDownloader.m in Sources */,
				BA6411511F8B00D200D49C25 /* AFURLSessionManager.m in Sources */,
				BA163C421F0230D800FE64FD /* XMHttpManager.m in Sources */,
				BA132CF81F034D50002BD39B /* NSBundle+MJRefresh.m in Sources */,
				BA132D1F1F03856E002BD39B /* XMSetFontCell.m in Sources */,
				BA656A411F7F2FE3004451CB /* XMNavbarView.m in Sources */,
				BA163CA31F0245F500FE64FD /* SDWebImageDecoder.m in Sources */,
				BA132D121F035BC9002BD39B /* FMDatabaseQueue.m in Sources */,
				BA64114E1F8B00D200D49C25 /* AFSecurityPolicy.m in Sources */,
				BA47EA9F1F0109CD00B7F2AE /* main.m in Sources */,
				BA163CA71F0245F500FE64FD /* SDWebImagePrefetcher.m in Sources */,
				BA656A4F1F7F463D004451CB /* XMMoodwallViewController.m in Sources */,
				BA132CF41F034D50002BD39B /* MJRefreshNormalHeader.m in Sources */,
				BA132CB41F034435002BD39B /* XMLoveViewController.m in Sources */,
				BA64114F1F8B00D200D49C25 /* AFURLRequestSerialization.m in Sources */,
				BAB5FB911F905F21001C48DB /* XMAlertView.m in Sources */,
				BA656A581F7F6E61004451CB /* XMMoodwallCell.m in Sources */,
				BA163CA91F0245F500FE64FD /* UIImage+GIF.m in Sources */,
				BA6411561F8B00D200D49C25 /* AFNetworkActivityIndicatorManager.m in Sources */,
			);
			runOnlyForDeploymentPostprocessing = 0;
		};
		BA47EAA91F0109CD00B7F2AE /* Sources */ = {
			isa = PBXSourcesBuildPhase;
			buildActionMask = 2147483647;
			files = (
				BA47EAB21F0109CD00B7F2AE /* XMMoodTests.m in Sources */,
			);
			runOnlyForDeploymentPostprocessing = 0;
		};
		BA47EAB41F0109CD00B7F2AE /* Sources */ = {
			isa = PBXSourcesBuildPhase;
			buildActionMask = 2147483647;
			files = (
				BA47EABD1F0109CD00B7F2AE /* XMMoodUITests.m in Sources */,
			);
			runOnlyForDeploymentPostprocessing = 0;
		};
/* End PBXSourcesBuildPhase section */

/* Begin PBXTargetDependency section */
		BA47EAAF1F0109CD00B7F2AE /* PBXTargetDependency */ = {
			isa = PBXTargetDependency;
			target = BA47EA991F0109CD00B7F2AE /* XMMood */;
			targetProxy = BA47EAAE1F0109CD00B7F2AE /* PBXContainerItemProxy */;
		};
		BA47EABA1F0109CD00B7F2AE /* PBXTargetDependency */ = {
			isa = PBXTargetDependency;
			target = BA47EA991F0109CD00B7F2AE /* XMMood */;
			targetProxy = BA47EAB91F0109CD00B7F2AE /* PBXContainerItemProxy */;
		};
/* End PBXTargetDependency section */

/* Begin PBXVariantGroup section */
		BA47EAA51F0109CD00B7F2AE /* LaunchScreen.storyboard */ = {
			isa = PBXVariantGroup;
			children = (
				BA47EAA61F0109CD00B7F2AE /* Base */,
			);
			name = LaunchScreen.storyboard;
			sourceTree = "<group>";
		};
/* End PBXVariantGroup section */

/* Begin XCBuildConfiguration section */
		BA47EABF1F0109CD00B7F2AE /* Debug */ = {
			isa = XCBuildConfiguration;
			buildSettings = {
				ALWAYS_SEARCH_USER_PATHS = NO;
				CLANG_ANALYZER_NONNULL = YES;
				CLANG_CXX_LANGUAGE_STANDARD = "gnu++0x";
				CLANG_CXX_LIBRARY = "libc++";
				CLANG_ENABLE_MODULES = YES;
				CLANG_ENABLE_OBJC_ARC = YES;
				CLANG_WARN_BOOL_CONVERSION = YES;
				CLANG_WARN_CONSTANT_CONVERSION = YES;
				CLANG_WARN_DIRECT_OBJC_ISA_USAGE = YES_ERROR;
				CLANG_WARN_DOCUMENTATION_COMMENTS = YES;
				CLANG_WARN_EMPTY_BODY = YES;
				CLANG_WARN_ENUM_CONVERSION = YES;
				CLANG_WARN_INFINITE_RECURSION = YES;
				CLANG_WARN_INT_CONVERSION = YES;
				CLANG_WARN_OBJC_ROOT_CLASS = YES_ERROR;
				CLANG_WARN_SUSPICIOUS_MOVE = YES;
				CLANG_WARN_UNREACHABLE_CODE = YES;
				CLANG_WARN__DUPLICATE_METHOD_MATCH = YES;
				"CODE_SIGN_IDENTITY[sdk=iphoneos*]" = "iPhone Developer";
				COPY_PHASE_STRIP = NO;
				DEBUG_INFORMATION_FORMAT = dwarf;
				ENABLE_STRICT_OBJC_MSGSEND = YES;
				ENABLE_TESTABILITY = YES;
				GCC_C_LANGUAGE_STANDARD = gnu99;
				GCC_DYNAMIC_NO_PIC = NO;
				GCC_NO_COMMON_BLOCKS = YES;
				GCC_OPTIMIZATION_LEVEL = 0;
				GCC_PREPROCESSOR_DEFINITIONS = (
					"DEBUG=1",
					"$(inherited)",
				);
				GCC_WARN_64_TO_32_BIT_CONVERSION = YES;
				GCC_WARN_ABOUT_RETURN_TYPE = YES_ERROR;
				GCC_WARN_UNDECLARED_SELECTOR = YES;
				GCC_WARN_UNINITIALIZED_AUTOS = YES_AGGRESSIVE;
				GCC_WARN_UNUSED_FUNCTION = YES;
				GCC_WARN_UNUSED_VARIABLE = YES;
				IPHONEOS_DEPLOYMENT_TARGET = 10.2;
				MTL_ENABLE_DEBUG_INFO = YES;
				ONLY_ACTIVE_ARCH = YES;
				SDKROOT = iphoneos;
				TARGETED_DEVICE_FAMILY = "1,2";
			};
			name = Debug;
		};
		BA47EAC01F0109CD00B7F2AE /* Release */ = {
			isa = XCBuildConfiguration;
			buildSettings = {
				ALWAYS_SEARCH_USER_PATHS = NO;
				CLANG_ANALYZER_NONNULL = YES;
				CLANG_CXX_LANGUAGE_STANDARD = "gnu++0x";
				CLANG_CXX_LIBRARY = "libc++";
				CLANG_ENABLE_MODULES = YES;
				CLANG_ENABLE_OBJC_ARC = YES;
				CLANG_WARN_BOOL_CONVERSION = YES;
				CLANG_WARN_CONSTANT_CONVERSION = YES;
				CLANG_WARN_DIRECT_OBJC_ISA_USAGE = YES_ERROR;
				CLANG_WARN_DOCUMENTATION_COMMENTS = YES;
				CLANG_WARN_EMPTY_BODY = YES;
				CLANG_WARN_ENUM_CONVERSION = YES;
				CLANG_WARN_INFINITE_RECURSION = YES;
				CLANG_WARN_INT_CONVERSION = YES;
				CLANG_WARN_OBJC_ROOT_CLASS = YES_ERROR;
				CLANG_WARN_SUSPICIOUS_MOVE = YES;
				CLANG_WARN_UNREACHABLE_CODE = YES;
				CLANG_WARN__DUPLICATE_METHOD_MATCH = YES;
				"CODE_SIGN_IDENTITY[sdk=iphoneos*]" = "iPhone Developer";
				COPY_PHASE_STRIP = NO;
				DEBUG_INFORMATION_FORMAT = "dwarf-with-dsym";
				ENABLE_NS_ASSERTIONS = NO;
				ENABLE_STRICT_OBJC_MSGSEND = YES;
				GCC_C_LANGUAGE_STANDARD = gnu99;
				GCC_NO_COMMON_BLOCKS = YES;
				GCC_WARN_64_TO_32_BIT_CONVERSION = YES;
				GCC_WARN_ABOUT_RETURN_TYPE = YES_ERROR;
				GCC_WARN_UNDECLARED_SELECTOR = YES;
				GCC_WARN_UNINITIALIZED_AUTOS = YES_AGGRESSIVE;
				GCC_WARN_UNUSED_FUNCTION = YES;
				GCC_WARN_UNUSED_VARIABLE = YES;
				IPHONEOS_DEPLOYMENT_TARGET = 10.2;
				MTL_ENABLE_DEBUG_INFO = NO;
				SDKROOT = iphoneos;
				TARGETED_DEVICE_FAMILY = "1,2";
				VALIDATE_PRODUCT = YES;
			};
			name = Release;
		};
		BA47EAC21F0109CD00B7F2AE /* Debug */ = {
			isa = XCBuildConfiguration;
			buildSettings = {
				ASSETCATALOG_COMPILER_APPICON_NAME = AppIcon;
				DEVELOPMENT_TEAM = V2PRMX9B5Z;
				GCC_PREFIX_HEADER = "$(SRCROOT)/XMMood/AppDelegate/XMPrefixHeader.pch";
				INFOPLIST_FILE = XMMood/Info.plist;
				LD_RUNPATH_SEARCH_PATHS = "$(inherited) @executable_path/Frameworks";
				PRODUCT_BUNDLE_IDENTIFIER = com.panda.XMMood;
				PRODUCT_NAME = "$(TARGET_NAME)";
				TARGETED_DEVICE_FAMILY = 1;
			};
			name = Debug;
		};
		BA47EAC31F0109CD00B7F2AE /* Release */ = {
			isa = XCBuildConfiguration;
			buildSettings = {
				ASSETCATALOG_COMPILER_APPICON_NAME = AppIcon;
				DEVELOPMENT_TEAM = V2PRMX9B5Z;
				GCC_PREFIX_HEADER = "$(SRCROOT)/XMMood/AppDelegate/XMPrefixHeader.pch";
				INFOPLIST_FILE = XMMood/Info.plist;
				LD_RUNPATH_SEARCH_PATHS = "$(inherited) @executable_path/Frameworks";
				PRODUCT_BUNDLE_IDENTIFIER = com.panda.XMMood;
				PRODUCT_NAME = "$(TARGET_NAME)";
				TARGETED_DEVICE_FAMILY = 1;
			};
			name = Release;
		};
		BA47EAC51F0109CD00B7F2AE /* Debug */ = {
			isa = XCBuildConfiguration;
			buildSettings = {
				BUNDLE_LOADER = "$(TEST_HOST)";
				INFOPLIST_FILE = XMMoodTests/Info.plist;
				LD_RUNPATH_SEARCH_PATHS = "$(inherited) @executable_path/Frameworks @loader_path/Frameworks";
				PRODUCT_BUNDLE_IDENTIFIER = com.panda.XMMoodTests;
				PRODUCT_NAME = "$(TARGET_NAME)";
				TEST_HOST = "$(BUILT_PRODUCTS_DIR)/XMMood.app/XMMood";
			};
			name = Debug;
		};
		BA47EAC61F0109CD00B7F2AE /* Release */ = {
			isa = XCBuildConfiguration;
			buildSettings = {
				BUNDLE_LOADER = "$(TEST_HOST)";
				INFOPLIST_FILE = XMMoodTests/Info.plist;
				LD_RUNPATH_SEARCH_PATHS = "$(inherited) @executable_path/Frameworks @loader_path/Frameworks";
				PRODUCT_BUNDLE_IDENTIFIER = com.panda.XMMoodTests;
				PRODUCT_NAME = "$(TARGET_NAME)";
				TEST_HOST = "$(BUILT_PRODUCTS_DIR)/XMMood.app/XMMood";
			};
			name = Release;
		};
		BA47EAC81F0109CD00B7F2AE /* Debug */ = {
			isa = XCBuildConfiguration;
			buildSettings = {
				INFOPLIST_FILE = XMMoodUITests/Info.plist;
				LD_RUNPATH_SEARCH_PATHS = "$(inherited) @executable_path/Frameworks @loader_path/Frameworks";
				PRODUCT_BUNDLE_IDENTIFIER = com.panda.XMMoodUITests;
				PRODUCT_NAME = "$(TARGET_NAME)";
				TEST_TARGET_NAME = XMMood;
			};
			name = Debug;
		};
		BA47EAC91F0109CD00B7F2AE /* Release */ = {
			isa = XCBuildConfiguration;
			buildSettings = {
				INFOPLIST_FILE = XMMoodUITests/Info.plist;
				LD_RUNPATH_SEARCH_PATHS = "$(inherited) @executable_path/Frameworks @loader_path/Frameworks";
				PRODUCT_BUNDLE_IDENTIFIER = com.panda.XMMoodUITests;
				PRODUCT_NAME = "$(TARGET_NAME)";
				TEST_TARGET_NAME = XMMood;
			};
			name = Release;
		};
/* End XCBuildConfiguration section */

/* Begin XCConfigurationList section */
		BA47EA951F0109CD00B7F2AE /* Build configuration list for PBXProject "XMMood" */ = {
			isa = XCConfigurationList;
			buildConfigurations = (
				BA47EABF1F0109CD00B7F2AE /* Debug */,
				BA47EAC01F0109CD00B7F2AE /* Release */,
			);
			defaultConfigurationIsVisible = 0;
			defaultConfigurationName = Release;
		};
		BA47EAC11F0109CD00B7F2AE /* Build configuration list for PBXNativeTarget "XMMood" */ = {
			isa = XCConfigurationList;
			buildConfigurations = (
				BA47EAC21F0109CD00B7F2AE /* Debug */,
				BA47EAC31F0109CD00B7F2AE /* Release */,
			);
			defaultConfigurationIsVisible = 0;
			defaultConfigurationName = Release;
		};
		BA47EAC41F0109CD00B7F2AE /* Build configuration list for PBXNativeTarget "XMMoodTests" */ = {
			isa = XCConfigurationList;
			buildConfigurations = (
				BA47EAC51F0109CD00B7F2AE /* Debug */,
				BA47EAC61F0109CD00B7F2AE /* Release */,
			);
			defaultConfigurationIsVisible = 0;
			defaultConfigurationName = Release;
		};
		BA47EAC71F0109CD00B7F2AE /* Build configuration list for PBXNativeTarget "XMMoodUITests" */ = {
			isa = XCConfigurationList;
			buildConfigurations = (
				BA47EAC81F0109CD00B7F2AE /* Debug */,
				BA47EAC91F0109CD00B7F2AE /* Release */,
			);
			defaultConfigurationIsVisible = 0;
			defaultConfigurationName = Release;
		};
/* End XCConfigurationList section */
	};
	rootObject = BA47EA921F0109CD00B7F2AE /* Project object */;
}
